// !$*UTF8*$!
{
	archiveVersion = 1;
	classes = {
	};
	objectVersion = 51;
	objects = {

/* Begin PBXBuildFile section */
		127D98414655A99C0E6B0641 /* Pods_All_Infrastructure.framework in Frameworks */ = {isa = PBXBuildFile; fileRef = 3D754144B9D73E1040F66FE1 /* Pods_All_Infrastructure.framework */; };
		14AA98A3947C661188CEAA16 /* Pods_All_DomainTests.framework in Frameworks */ = {isa = PBXBuildFile; fileRef = EE8BD8B5C6B863235B02A78E /* Pods_All_DomainTests.framework */; };
		2C05414523D5F328004974B4 /* Domain.framework in Frameworks */ = {isa = PBXBuildFile; fileRef = 2C05413C23D5F328004974B4 /* Domain.framework */; };
		2C05414C23D5F328004974B4 /* DomainTests.swift in Sources */ = {isa = PBXBuildFile; fileRef = 2C05414B23D5F328004974B4 /* DomainTests.swift */; };
		2C05414E23D5F328004974B4 /* Domain.h in Headers */ = {isa = PBXBuildFile; fileRef = 2C05413E23D5F328004974B4 /* Domain.h */; settings = {ATTRIBUTES = (Public, ); }; };
		2C05415123D5F328004974B4 /* Domain.framework in Frameworks */ = {isa = PBXBuildFile; fileRef = 2C05413C23D5F328004974B4 /* Domain.framework */; };
		2C05415223D5F328004974B4 /* Domain.framework in Embed Frameworks */ = {isa = PBXBuildFile; fileRef = 2C05413C23D5F328004974B4 /* Domain.framework */; settings = {ATTRIBUTES = (CodeSignOnCopy, RemoveHeadersOnCopy, ); }; };
		2C05415B23D5F598004974B4 /* SearchServiceProtocol.swift in Sources */ = {isa = PBXBuildFile; fileRef = 2C05415A23D5F598004974B4 /* SearchServiceProtocol.swift */; };
		2C05416123D5FADA004974B4 /* SearchQuery.swift in Sources */ = {isa = PBXBuildFile; fileRef = 2C05416023D5FADA004974B4 /* SearchQuery.swift */; };
		2C05416323D5FB2D004974B4 /* ListingVideo.swift in Sources */ = {isa = PBXBuildFile; fileRef = 2C05416223D5FB2D004974B4 /* ListingVideo.swift */; };
		2C05416623D5FB9C004974B4 /* SearchService.swift in Sources */ = {isa = PBXBuildFile; fileRef = 2C05416523D5FB9C004974B4 /* SearchService.swift */; };
		2C05416723D5FD04004974B4 /* Domain.framework in Frameworks */ = {isa = PBXBuildFile; fileRef = 2C05413C23D5F328004974B4 /* Domain.framework */; };
		2C05416823D5FD04004974B4 /* Domain.framework in Embed Frameworks */ = {isa = PBXBuildFile; fileRef = 2C05413C23D5F328004974B4 /* Domain.framework */; settings = {ATTRIBUTES = (CodeSignOnCopy, RemoveHeadersOnCopy, ); }; };
		2C05416E23D5FF68004974B4 /* APIKit+Rx.swift in Sources */ = {isa = PBXBuildFile; fileRef = 2C05416D23D5FF68004974B4 /* APIKit+Rx.swift */; };
		2C05417023D60C30004974B4 /* PageInfo.swift in Sources */ = {isa = PBXBuildFile; fileRef = 2C05416F23D60C30004974B4 /* PageInfo.swift */; };
		2C05417423D61ED5004974B4 /* SearchQuerySpec.swift in Sources */ = {isa = PBXBuildFile; fileRef = 2C05417323D61ED5004974B4 /* SearchQuerySpec.swift */; };
		2C05417623D62A06004974B4 /* SearchRequest+Init.swift in Sources */ = {isa = PBXBuildFile; fileRef = 2C05417523D62A06004974B4 /* SearchRequest+Init.swift */; };
		2C05417823D62B1B004974B4 /* SearchedItem+ConvertToDomainModel.swift in Sources */ = {isa = PBXBuildFile; fileRef = 2C05417723D62B1B004974B4 /* SearchedItem+ConvertToDomainModel.swift */; };
		2C05417B23D69DEC004974B4 /* SearchViewController.xib in Resources */ = {isa = PBXBuildFile; fileRef = 2C05417A23D69DEC004974B4 /* SearchViewController.xib */; };
		2C05417E23D6A001004974B4 /* SearchHistoriesListView.swift in Sources */ = {isa = PBXBuildFile; fileRef = 2C05417D23D6A001004974B4 /* SearchHistoriesListView.swift */; };
		2C05418023D73B4E004974B4 /* SearchHistoryCell.xib in Resources */ = {isa = PBXBuildFile; fileRef = 2C05417F23D73B4E004974B4 /* SearchHistoryCell.xib */; };
		2C05418223D73BD0004974B4 /* SearchHistoryCell.swift in Sources */ = {isa = PBXBuildFile; fileRef = 2C05418123D73BD0004974B4 /* SearchHistoryCell.swift */; };
		2C05418623D74F7D004974B4 /* SearchViewModel.swift in Sources */ = {isa = PBXBuildFile; fileRef = 2C05418523D74F7D004974B4 /* SearchViewModel.swift */; };
		2C05418823D754BB004974B4 /* SearchResultViewController.swift in Sources */ = {isa = PBXBuildFile; fileRef = 2C05418723D754BB004974B4 /* SearchResultViewController.swift */; };
		2C05418A23D75515004974B4 /* SearchResultViewModel.swift in Sources */ = {isa = PBXBuildFile; fileRef = 2C05418923D75515004974B4 /* SearchResultViewModel.swift */; };
		2C05418C23D75ADC004974B4 /* SearchResultViewController.xib in Resources */ = {isa = PBXBuildFile; fileRef = 2C05418B23D75ADC004974B4 /* SearchResultViewController.xib */; };
		2C05418E23D75BB6004974B4 /* SearchResultsListView.swift in Sources */ = {isa = PBXBuildFile; fileRef = 2C05418D23D75BB6004974B4 /* SearchResultsListView.swift */; };
		2C05419023D7602D004974B4 /* SearchResultCell.swift in Sources */ = {isa = PBXBuildFile; fileRef = 2C05418F23D7602D004974B4 /* SearchResultCell.swift */; };
		2C05419223D76048004974B4 /* SearchResultCell.xib in Resources */ = {isa = PBXBuildFile; fileRef = 2C05419123D76048004974B4 /* SearchResultCell.xib */; };
		2C05419423D7692F004974B4 /* ThumbnailDownloader.swift in Sources */ = {isa = PBXBuildFile; fileRef = 2C05419323D7692F004974B4 /* ThumbnailDownloader.swift */; };
		2C60AF4123CCB1CD00A909EA /* AppRootTabBarController.swift in Sources */ = {isa = PBXBuildFile; fileRef = 2C60AF4023CCB1CD00A909EA /* AppRootTabBarController.swift */; };
		2C60AF4323CCB38200A909EA /* DependencyContainer.swift in Sources */ = {isa = PBXBuildFile; fileRef = 2C60AF4223CCB38200A909EA /* DependencyContainer.swift */; };
		2C60AF4723CCB77400A909EA /* AppRootViewControllerSpec.swift in Sources */ = {isa = PBXBuildFile; fileRef = 2C60AF4623CCB77400A909EA /* AppRootViewControllerSpec.swift */; };
		2C60AF4A23CCBFA900A909EA /* AppRootTabBarControllerSpec.swift in Sources */ = {isa = PBXBuildFile; fileRef = 2C60AF4923CCBFA900A909EA /* AppRootTabBarControllerSpec.swift */; };
		2C60AF4D23CCBFC900A909EA /* FactoryMock.swift in Sources */ = {isa = PBXBuildFile; fileRef = 2C60AF4C23CCBFC900A909EA /* FactoryMock.swift */; };
		2C60AF5023CCC2D900A909EA /* SearchViewController.swift in Sources */ = {isa = PBXBuildFile; fileRef = 2C60AF4F23CCC2D900A909EA /* SearchViewController.swift */; };
		2C60AF5323CCC37400A909EA /* SearchViewControllerSpec.swift in Sources */ = {isa = PBXBuildFile; fileRef = 2C60AF5223CCC37400A909EA /* SearchViewControllerSpec.swift */; };
		2C60AF5623CCC70D00A909EA /* Localizable.strings in Resources */ = {isa = PBXBuildFile; fileRef = 2C60AF5823CCC70D00A909EA /* Localizable.strings */; };
		2C60AF6823CCD66C00A909EA /* Infrastructure.framework in Frameworks */ = {isa = PBXBuildFile; fileRef = 2C60AF5F23CCD66C00A909EA /* Infrastructure.framework */; };
		2C60AF6F23CCD66C00A909EA /* InfrastructureTests.swift in Sources */ = {isa = PBXBuildFile; fileRef = 2C60AF6E23CCD66C00A909EA /* InfrastructureTests.swift */; };
		2C60AF7123CCD66C00A909EA /* Infrastructure.h in Headers */ = {isa = PBXBuildFile; fileRef = 2C60AF6123CCD66C00A909EA /* Infrastructure.h */; settings = {ATTRIBUTES = (Public, ); }; };
		2C60AF7423CCD66C00A909EA /* Infrastructure.framework in Frameworks */ = {isa = PBXBuildFile; fileRef = 2C60AF5F23CCD66C00A909EA /* Infrastructure.framework */; };
		2C60AF7523CCD66C00A909EA /* Infrastructure.framework in Embed Frameworks */ = {isa = PBXBuildFile; fileRef = 2C60AF5F23CCD66C00A909EA /* Infrastructure.framework */; settings = {ATTRIBUTES = (CodeSignOnCopy, RemoveHeadersOnCopy, ); }; };
		2C60AF8123CCD91800A909EA /* SearchRequest.swift in Sources */ = {isa = PBXBuildFile; fileRef = 2C60AF8023CCD91800A909EA /* SearchRequest.swift */; };
		2C60AF8323CCD94F00A909EA /* YouTube.swift in Sources */ = {isa = PBXBuildFile; fileRef = 2C60AF8223CCD94F00A909EA /* YouTube.swift */; };
		2C60AF8523CF666B00A909EA /* YouTubeV3BaseRequest.swift in Sources */ = {isa = PBXBuildFile; fileRef = 2C60AF8423CF666B00A909EA /* YouTubeV3BaseRequest.swift */; };
		2C60AF8C23CF703000A909EA /* APIHelper.swift in Sources */ = {isa = PBXBuildFile; fileRef = 2C60AF8B23CF703000A909EA /* APIHelper.swift */; };
		2C60AF8E23CF71E900A909EA /* SearchApiResponse.swift in Sources */ = {isa = PBXBuildFile; fileRef = 2C60AF8D23CF71E900A909EA /* SearchApiResponse.swift */; };
		2C60AF9523CF7AA800A909EA /* NOPDataPaerser.swift in Sources */ = {isa = PBXBuildFile; fileRef = 2C60AF9423CF7AA800A909EA /* NOPDataPaerser.swift */; };
		2C60AF9723CF823400A909EA /* SearchedItem.swift in Sources */ = {isa = PBXBuildFile; fileRef = 2C60AF9623CF823400A909EA /* SearchedItem.swift */; };
		2C60AF9A23CF826600A909EA /* Country.swift in Sources */ = {isa = PBXBuildFile; fileRef = 2C60AF9923CF826600A909EA /* Country.swift */; };
		2CD9D58D23CCADBE0061594E /* AppDelegate.swift in Sources */ = {isa = PBXBuildFile; fileRef = 2CD9D58C23CCADBE0061594E /* AppDelegate.swift */; };
		2CD9D59123CCADBE0061594E /* AppRootViewController.swift in Sources */ = {isa = PBXBuildFile; fileRef = 2CD9D59023CCADBE0061594E /* AppRootViewController.swift */; };
		2CD9D59623CCADC10061594E /* Assets.xcassets in Resources */ = {isa = PBXBuildFile; fileRef = 2CD9D59523CCADC10061594E /* Assets.xcassets */; };
		2CD9D59923CCADC10061594E /* LaunchScreen.storyboard in Resources */ = {isa = PBXBuildFile; fileRef = 2CD9D59723CCADC10061594E /* LaunchScreen.storyboard */; };
		2CD9D5B423CCAFF30061594E /* Factory.swift in Sources */ = {isa = PBXBuildFile; fileRef = 2CD9D5B323CCAFF30061594E /* Factory.swift */; };
		80AAA4EA886C0F7471871F4B /* Pods_All_InfrastructureTests.framework in Frameworks */ = {isa = PBXBuildFile; fileRef = 93B3816699496C8A09717BEA /* Pods_All_InfrastructureTests.framework */; };
		8F41E76F8E6A760FA3F70AFF /* Pods_All_VBoardTests.framework in Frameworks */ = {isa = PBXBuildFile; fileRef = 7579BB2DD96060B731F42AB6 /* Pods_All_VBoardTests.framework */; };
		CED3B248E2DB98F4E4BD3A7A /* Pods_All_VBoard.framework in Frameworks */ = {isa = PBXBuildFile; fileRef = AC5CC14E00D38E3FBEF8CFAD /* Pods_All_VBoard.framework */; };
		D763AC4FA89125B426817E79 /* Pods_All_Domain.framework in Frameworks */ = {isa = PBXBuildFile; fileRef = 470E13C0B159306DFFB56E7D /* Pods_All_Domain.framework */; };
/* End PBXBuildFile section */

/* Begin PBXContainerItemProxy section */
		2C05414623D5F328004974B4 /* PBXContainerItemProxy */ = {
			isa = PBXContainerItemProxy;
			containerPortal = 2CD9D58123CCADBE0061594E /* Project object */;
			proxyType = 1;
			remoteGlobalIDString = 2C05413B23D5F328004974B4;
			remoteInfo = Domain;
		};
		2C05414823D5F328004974B4 /* PBXContainerItemProxy */ = {
			isa = PBXContainerItemProxy;
			containerPortal = 2CD9D58123CCADBE0061594E /* Project object */;
			proxyType = 1;
			remoteGlobalIDString = 2CD9D58823CCADBE0061594E;
			remoteInfo = VBoard;
		};
		2C05414F23D5F328004974B4 /* PBXContainerItemProxy */ = {
			isa = PBXContainerItemProxy;
			containerPortal = 2CD9D58123CCADBE0061594E /* Project object */;
			proxyType = 1;
			remoteGlobalIDString = 2C05413B23D5F328004974B4;
			remoteInfo = Domain;
		};
		2C05416923D5FD04004974B4 /* PBXContainerItemProxy */ = {
			isa = PBXContainerItemProxy;
			containerPortal = 2CD9D58123CCADBE0061594E /* Project object */;
			proxyType = 1;
			remoteGlobalIDString = 2C05413B23D5F328004974B4;
			remoteInfo = Domain;
		};
		2C60AF6923CCD66C00A909EA /* PBXContainerItemProxy */ = {
			isa = PBXContainerItemProxy;
			containerPortal = 2CD9D58123CCADBE0061594E /* Project object */;
			proxyType = 1;
			remoteGlobalIDString = 2C60AF5E23CCD66C00A909EA;
			remoteInfo = Infrastructure;
		};
		2C60AF6B23CCD66C00A909EA /* PBXContainerItemProxy */ = {
			isa = PBXContainerItemProxy;
			containerPortal = 2CD9D58123CCADBE0061594E /* Project object */;
			proxyType = 1;
			remoteGlobalIDString = 2CD9D58823CCADBE0061594E;
			remoteInfo = VBoard;
		};
		2C60AF7223CCD66C00A909EA /* PBXContainerItemProxy */ = {
			isa = PBXContainerItemProxy;
			containerPortal = 2CD9D58123CCADBE0061594E /* Project object */;
			proxyType = 1;
			remoteGlobalIDString = 2C60AF5E23CCD66C00A909EA;
			remoteInfo = Infrastructure;
		};
		2CD9D5A023CCADC10061594E /* PBXContainerItemProxy */ = {
			isa = PBXContainerItemProxy;
			containerPortal = 2CD9D58123CCADBE0061594E /* Project object */;
			proxyType = 1;
			remoteGlobalIDString = 2CD9D58823CCADBE0061594E;
			remoteInfo = VBoard;
		};
/* End PBXContainerItemProxy section */

/* Begin PBXCopyFilesBuildPhase section */
		2C05416B23D5FD04004974B4 /* Embed Frameworks */ = {
			isa = PBXCopyFilesBuildPhase;
			buildActionMask = 2147483647;
			dstPath = "";
			dstSubfolderSpec = 10;
			files = (
				2C05416823D5FD04004974B4 /* Domain.framework in Embed Frameworks */,
			);
			name = "Embed Frameworks";
			runOnlyForDeploymentPostprocessing = 0;
		};
		2C60AF7923CCD66C00A909EA /* Embed Frameworks */ = {
			isa = PBXCopyFilesBuildPhase;
			buildActionMask = 2147483647;
			dstPath = "";
			dstSubfolderSpec = 10;
			files = (
				2C05415223D5F328004974B4 /* Domain.framework in Embed Frameworks */,
				2C60AF7523CCD66C00A909EA /* Infrastructure.framework in Embed Frameworks */,
			);
			name = "Embed Frameworks";
			runOnlyForDeploymentPostprocessing = 0;
		};
/* End PBXCopyFilesBuildPhase section */

/* Begin PBXFileReference section */
		101B894E8FD3234CD754FDAF /* Pods-All-Domain.debug.xcconfig */ = {isa = PBXFileReference; includeInIndex = 1; lastKnownFileType = text.xcconfig; name = "Pods-All-Domain.debug.xcconfig"; path = "Target Support Files/Pods-All-Domain/Pods-All-Domain.debug.xcconfig"; sourceTree = "<group>"; };
		1D3270E36E36CACFA698C7AA /* Pods-VBoardTests.debug.xcconfig */ = {isa = PBXFileReference; includeInIndex = 1; lastKnownFileType = text.xcconfig; name = "Pods-VBoardTests.debug.xcconfig"; path = "Target Support Files/Pods-VBoardTests/Pods-VBoardTests.debug.xcconfig"; sourceTree = "<group>"; };
		234596D0D88BE4465662572E /* Pods-All-InfrastructureTests.debug.xcconfig */ = {isa = PBXFileReference; includeInIndex = 1; lastKnownFileType = text.xcconfig; name = "Pods-All-InfrastructureTests.debug.xcconfig"; path = "Target Support Files/Pods-All-InfrastructureTests/Pods-All-InfrastructureTests.debug.xcconfig"; sourceTree = "<group>"; };
		2C05413C23D5F328004974B4 /* Domain.framework */ = {isa = PBXFileReference; explicitFileType = wrapper.framework; includeInIndex = 0; path = Domain.framework; sourceTree = BUILT_PRODUCTS_DIR; };
		2C05413E23D5F328004974B4 /* Domain.h */ = {isa = PBXFileReference; lastKnownFileType = sourcecode.c.h; path = Domain.h; sourceTree = "<group>"; };
		2C05413F23D5F328004974B4 /* Info.plist */ = {isa = PBXFileReference; lastKnownFileType = text.plist.xml; path = Info.plist; sourceTree = "<group>"; };
		2C05414423D5F328004974B4 /* DomainTests.xctest */ = {isa = PBXFileReference; explicitFileType = wrapper.cfbundle; includeInIndex = 0; path = DomainTests.xctest; sourceTree = BUILT_PRODUCTS_DIR; };
		2C05414B23D5F328004974B4 /* DomainTests.swift */ = {isa = PBXFileReference; lastKnownFileType = sourcecode.swift; path = DomainTests.swift; sourceTree = "<group>"; };
		2C05414D23D5F328004974B4 /* Info.plist */ = {isa = PBXFileReference; lastKnownFileType = text.plist.xml; path = Info.plist; sourceTree = "<group>"; };
		2C05415A23D5F598004974B4 /* SearchServiceProtocol.swift */ = {isa = PBXFileReference; lastKnownFileType = sourcecode.swift; path = SearchServiceProtocol.swift; sourceTree = "<group>"; };
		2C05416023D5FADA004974B4 /* SearchQuery.swift */ = {isa = PBXFileReference; lastKnownFileType = sourcecode.swift; path = SearchQuery.swift; sourceTree = "<group>"; };
		2C05416223D5FB2D004974B4 /* ListingVideo.swift */ = {isa = PBXFileReference; lastKnownFileType = sourcecode.swift; path = ListingVideo.swift; sourceTree = "<group>"; };
		2C05416523D5FB9C004974B4 /* SearchService.swift */ = {isa = PBXFileReference; lastKnownFileType = sourcecode.swift; path = SearchService.swift; sourceTree = "<group>"; };
		2C05416D23D5FF68004974B4 /* APIKit+Rx.swift */ = {isa = PBXFileReference; lastKnownFileType = sourcecode.swift; path = "APIKit+Rx.swift"; sourceTree = "<group>"; };
		2C05416F23D60C30004974B4 /* PageInfo.swift */ = {isa = PBXFileReference; lastKnownFileType = sourcecode.swift; path = PageInfo.swift; sourceTree = "<group>"; };
		2C05417323D61ED5004974B4 /* SearchQuerySpec.swift */ = {isa = PBXFileReference; lastKnownFileType = sourcecode.swift; path = SearchQuerySpec.swift; sourceTree = "<group>"; };
		2C05417523D62A06004974B4 /* SearchRequest+Init.swift */ = {isa = PBXFileReference; lastKnownFileType = sourcecode.swift; path = "SearchRequest+Init.swift"; sourceTree = "<group>"; };
		2C05417723D62B1B004974B4 /* SearchedItem+ConvertToDomainModel.swift */ = {isa = PBXFileReference; lastKnownFileType = sourcecode.swift; path = "SearchedItem+ConvertToDomainModel.swift"; sourceTree = "<group>"; };
		2C05417A23D69DEC004974B4 /* SearchViewController.xib */ = {isa = PBXFileReference; lastKnownFileType = file.xib; path = SearchViewController.xib; sourceTree = "<group>"; };
		2C05417D23D6A001004974B4 /* SearchHistoriesListView.swift */ = {isa = PBXFileReference; lastKnownFileType = sourcecode.swift; path = SearchHistoriesListView.swift; sourceTree = "<group>"; };
		2C05417F23D73B4E004974B4 /* SearchHistoryCell.xib */ = {isa = PBXFileReference; lastKnownFileType = file.xib; path = SearchHistoryCell.xib; sourceTree = "<group>"; };
		2C05418123D73BD0004974B4 /* SearchHistoryCell.swift */ = {isa = PBXFileReference; lastKnownFileType = sourcecode.swift; path = SearchHistoryCell.swift; sourceTree = "<group>"; };
		2C05418523D74F7D004974B4 /* SearchViewModel.swift */ = {isa = PBXFileReference; lastKnownFileType = sourcecode.swift; path = SearchViewModel.swift; sourceTree = "<group>"; };
		2C05418723D754BB004974B4 /* SearchResultViewController.swift */ = {isa = PBXFileReference; lastKnownFileType = sourcecode.swift; path = SearchResultViewController.swift; sourceTree = "<group>"; };
		2C05418923D75515004974B4 /* SearchResultViewModel.swift */ = {isa = PBXFileReference; lastKnownFileType = sourcecode.swift; path = SearchResultViewModel.swift; sourceTree = "<group>"; };
		2C05418B23D75ADC004974B4 /* SearchResultViewController.xib */ = {isa = PBXFileReference; lastKnownFileType = file.xib; path = SearchResultViewController.xib; sourceTree = "<group>"; };
		2C05418D23D75BB6004974B4 /* SearchResultsListView.swift */ = {isa = PBXFileReference; lastKnownFileType = sourcecode.swift; path = SearchResultsListView.swift; sourceTree = "<group>"; };
		2C05418F23D7602D004974B4 /* SearchResultCell.swift */ = {isa = PBXFileReference; lastKnownFileType = sourcecode.swift; path = SearchResultCell.swift; sourceTree = "<group>"; };
		2C05419123D76048004974B4 /* SearchResultCell.xib */ = {isa = PBXFileReference; lastKnownFileType = file.xib; path = SearchResultCell.xib; sourceTree = "<group>"; };
		2C05419323D7692F004974B4 /* ThumbnailDownloader.swift */ = {isa = PBXFileReference; lastKnownFileType = sourcecode.swift; path = ThumbnailDownloader.swift; sourceTree = "<group>"; };
		2C60AF4023CCB1CD00A909EA /* AppRootTabBarController.swift */ = {isa = PBXFileReference; lastKnownFileType = sourcecode.swift; path = AppRootTabBarController.swift; sourceTree = "<group>"; };
		2C60AF4223CCB38200A909EA /* DependencyContainer.swift */ = {isa = PBXFileReference; lastKnownFileType = sourcecode.swift; path = DependencyContainer.swift; sourceTree = "<group>"; };
		2C60AF4623CCB77400A909EA /* AppRootViewControllerSpec.swift */ = {isa = PBXFileReference; lastKnownFileType = sourcecode.swift; path = AppRootViewControllerSpec.swift; sourceTree = "<group>"; };
		2C60AF4923CCBFA900A909EA /* AppRootTabBarControllerSpec.swift */ = {isa = PBXFileReference; lastKnownFileType = sourcecode.swift; path = AppRootTabBarControllerSpec.swift; sourceTree = "<group>"; };
		2C60AF4C23CCBFC900A909EA /* FactoryMock.swift */ = {isa = PBXFileReference; lastKnownFileType = sourcecode.swift; path = FactoryMock.swift; sourceTree = "<group>"; };
		2C60AF4F23CCC2D900A909EA /* SearchViewController.swift */ = {isa = PBXFileReference; lastKnownFileType = sourcecode.swift; path = SearchViewController.swift; sourceTree = "<group>"; };
		2C60AF5223CCC37400A909EA /* SearchViewControllerSpec.swift */ = {isa = PBXFileReference; lastKnownFileType = sourcecode.swift; path = SearchViewControllerSpec.swift; sourceTree = "<group>"; };
		2C60AF5723CCC70D00A909EA /* en */ = {isa = PBXFileReference; lastKnownFileType = text.plist.strings; name = en; path = en.lproj/Localizable.strings; sourceTree = "<group>"; };
		2C60AF5923CCC79000A909EA /* ja */ = {isa = PBXFileReference; lastKnownFileType = text.plist.strings; name = ja; path = ja.lproj/Localizable.strings; sourceTree = "<group>"; };
		2C60AF5F23CCD66C00A909EA /* Infrastructure.framework */ = {isa = PBXFileReference; explicitFileType = wrapper.framework; includeInIndex = 0; path = Infrastructure.framework; sourceTree = BUILT_PRODUCTS_DIR; };
		2C60AF6123CCD66C00A909EA /* Infrastructure.h */ = {isa = PBXFileReference; lastKnownFileType = sourcecode.c.h; path = Infrastructure.h; sourceTree = "<group>"; };
		2C60AF6223CCD66C00A909EA /* Info.plist */ = {isa = PBXFileReference; lastKnownFileType = text.plist.xml; path = Info.plist; sourceTree = "<group>"; };
		2C60AF6723CCD66C00A909EA /* InfrastructureTests.xctest */ = {isa = PBXFileReference; explicitFileType = wrapper.cfbundle; includeInIndex = 0; path = InfrastructureTests.xctest; sourceTree = BUILT_PRODUCTS_DIR; };
		2C60AF6E23CCD66C00A909EA /* InfrastructureTests.swift */ = {isa = PBXFileReference; lastKnownFileType = sourcecode.swift; path = InfrastructureTests.swift; sourceTree = "<group>"; };
		2C60AF7023CCD66C00A909EA /* Info.plist */ = {isa = PBXFileReference; lastKnownFileType = text.plist.xml; path = Info.plist; sourceTree = "<group>"; };
		2C60AF8023CCD91800A909EA /* SearchRequest.swift */ = {isa = PBXFileReference; lastKnownFileType = sourcecode.swift; path = SearchRequest.swift; sourceTree = "<group>"; };
		2C60AF8223CCD94F00A909EA /* YouTube.swift */ = {isa = PBXFileReference; lastKnownFileType = sourcecode.swift; path = YouTube.swift; sourceTree = "<group>"; };
		2C60AF8423CF666B00A909EA /* YouTubeV3BaseRequest.swift */ = {isa = PBXFileReference; lastKnownFileType = sourcecode.swift; path = YouTubeV3BaseRequest.swift; sourceTree = "<group>"; };
		2C60AF8B23CF703000A909EA /* APIHelper.swift */ = {isa = PBXFileReference; lastKnownFileType = sourcecode.swift; path = APIHelper.swift; sourceTree = "<group>"; };
		2C60AF8D23CF71E900A909EA /* SearchApiResponse.swift */ = {isa = PBXFileReference; lastKnownFileType = sourcecode.swift; path = SearchApiResponse.swift; sourceTree = "<group>"; };
		2C60AF9423CF7AA800A909EA /* NOPDataPaerser.swift */ = {isa = PBXFileReference; lastKnownFileType = sourcecode.swift; path = NOPDataPaerser.swift; sourceTree = "<group>"; };
		2C60AF9623CF823400A909EA /* SearchedItem.swift */ = {isa = PBXFileReference; lastKnownFileType = sourcecode.swift; path = SearchedItem.swift; sourceTree = "<group>"; };
		2C60AF9923CF826600A909EA /* Country.swift */ = {isa = PBXFileReference; lastKnownFileType = sourcecode.swift; path = Country.swift; sourceTree = "<group>"; };
		2CD9D58923CCADBE0061594E /* VBoard.app */ = {isa = PBXFileReference; explicitFileType = wrapper.application; includeInIndex = 0; path = VBoard.app; sourceTree = BUILT_PRODUCTS_DIR; };
		2CD9D58C23CCADBE0061594E /* AppDelegate.swift */ = {isa = PBXFileReference; lastKnownFileType = sourcecode.swift; path = AppDelegate.swift; sourceTree = "<group>"; };
		2CD9D59023CCADBE0061594E /* AppRootViewController.swift */ = {isa = PBXFileReference; lastKnownFileType = sourcecode.swift; path = AppRootViewController.swift; sourceTree = "<group>"; };
		2CD9D59523CCADC10061594E /* Assets.xcassets */ = {isa = PBXFileReference; lastKnownFileType = folder.assetcatalog; path = Assets.xcassets; sourceTree = "<group>"; };
		2CD9D59823CCADC10061594E /* Base */ = {isa = PBXFileReference; lastKnownFileType = file.storyboard; name = Base; path = Base.lproj/LaunchScreen.storyboard; sourceTree = "<group>"; };
		2CD9D59A23CCADC10061594E /* Info.plist */ = {isa = PBXFileReference; lastKnownFileType = text.plist.xml; path = Info.plist; sourceTree = "<group>"; };
		2CD9D59F23CCADC10061594E /* VBoardTests.xctest */ = {isa = PBXFileReference; explicitFileType = wrapper.cfbundle; includeInIndex = 0; path = VBoardTests.xctest; sourceTree = BUILT_PRODUCTS_DIR; };
		2CD9D5A523CCADC10061594E /* Info.plist */ = {isa = PBXFileReference; lastKnownFileType = text.plist.xml; path = Info.plist; sourceTree = "<group>"; };
		2CD9D5B323CCAFF30061594E /* Factory.swift */ = {isa = PBXFileReference; lastKnownFileType = sourcecode.swift; path = Factory.swift; sourceTree = "<group>"; };
		3D754144B9D73E1040F66FE1 /* Pods_All_Infrastructure.framework */ = {isa = PBXFileReference; explicitFileType = wrapper.framework; includeInIndex = 0; path = Pods_All_Infrastructure.framework; sourceTree = BUILT_PRODUCTS_DIR; };
		470E13C0B159306DFFB56E7D /* Pods_All_Domain.framework */ = {isa = PBXFileReference; explicitFileType = wrapper.framework; includeInIndex = 0; path = Pods_All_Domain.framework; sourceTree = BUILT_PRODUCTS_DIR; };
		4B1C900623A4CDA9259D79CE /* Pods-All-Infrastructure.debug.xcconfig */ = {isa = PBXFileReference; includeInIndex = 1; lastKnownFileType = text.xcconfig; name = "Pods-All-Infrastructure.debug.xcconfig"; path = "Target Support Files/Pods-All-Infrastructure/Pods-All-Infrastructure.debug.xcconfig"; sourceTree = "<group>"; };
		5DEB219A8974D46AA74BEAAA /* Pods-All-Infrastructure.release.xcconfig */ = {isa = PBXFileReference; includeInIndex = 1; lastKnownFileType = text.xcconfig; name = "Pods-All-Infrastructure.release.xcconfig"; path = "Target Support Files/Pods-All-Infrastructure/Pods-All-Infrastructure.release.xcconfig"; sourceTree = "<group>"; };
		5E6DD7DE7A7865CD1E84D819 /* Pods-All-VBoardTests.release.xcconfig */ = {isa = PBXFileReference; includeInIndex = 1; lastKnownFileType = text.xcconfig; name = "Pods-All-VBoardTests.release.xcconfig"; path = "Target Support Files/Pods-All-VBoardTests/Pods-All-VBoardTests.release.xcconfig"; sourceTree = "<group>"; };
		648EFCEA0F07CE46075CD70C /* Pods-VBoardTests.release.xcconfig */ = {isa = PBXFileReference; includeInIndex = 1; lastKnownFileType = text.xcconfig; name = "Pods-VBoardTests.release.xcconfig"; path = "Target Support Files/Pods-VBoardTests/Pods-VBoardTests.release.xcconfig"; sourceTree = "<group>"; };
		7579BB2DD96060B731F42AB6 /* Pods_All_VBoardTests.framework */ = {isa = PBXFileReference; explicitFileType = wrapper.framework; includeInIndex = 0; path = Pods_All_VBoardTests.framework; sourceTree = BUILT_PRODUCTS_DIR; };
		80387F9376A0F143F7C0987B /* Pods-All-VBoard.debug.xcconfig */ = {isa = PBXFileReference; includeInIndex = 1; lastKnownFileType = text.xcconfig; name = "Pods-All-VBoard.debug.xcconfig"; path = "Target Support Files/Pods-All-VBoard/Pods-All-VBoard.debug.xcconfig"; sourceTree = "<group>"; };
		910471DD3121131CC3D4BB13 /* Pods-All-Domain.release.xcconfig */ = {isa = PBXFileReference; includeInIndex = 1; lastKnownFileType = text.xcconfig; name = "Pods-All-Domain.release.xcconfig"; path = "Target Support Files/Pods-All-Domain/Pods-All-Domain.release.xcconfig"; sourceTree = "<group>"; };
		93B3816699496C8A09717BEA /* Pods_All_InfrastructureTests.framework */ = {isa = PBXFileReference; explicitFileType = wrapper.framework; includeInIndex = 0; path = Pods_All_InfrastructureTests.framework; sourceTree = BUILT_PRODUCTS_DIR; };
		9508925C32BD530A2566EFE3 /* Pods-VBoard.debug.xcconfig */ = {isa = PBXFileReference; includeInIndex = 1; lastKnownFileType = text.xcconfig; name = "Pods-VBoard.debug.xcconfig"; path = "Target Support Files/Pods-VBoard/Pods-VBoard.debug.xcconfig"; sourceTree = "<group>"; };
		A36467716FB48341F1CBE494 /* Pods-All-InfrastructureTests.release.xcconfig */ = {isa = PBXFileReference; includeInIndex = 1; lastKnownFileType = text.xcconfig; name = "Pods-All-InfrastructureTests.release.xcconfig"; path = "Target Support Files/Pods-All-InfrastructureTests/Pods-All-InfrastructureTests.release.xcconfig"; sourceTree = "<group>"; };
		AC5CC14E00D38E3FBEF8CFAD /* Pods_All_VBoard.framework */ = {isa = PBXFileReference; explicitFileType = wrapper.framework; includeInIndex = 0; path = Pods_All_VBoard.framework; sourceTree = BUILT_PRODUCTS_DIR; };
		CA356F3AC53A10AD6183E95C /* Pods-All-VBoardTests.debug.xcconfig */ = {isa = PBXFileReference; includeInIndex = 1; lastKnownFileType = text.xcconfig; name = "Pods-All-VBoardTests.debug.xcconfig"; path = "Target Support Files/Pods-All-VBoardTests/Pods-All-VBoardTests.debug.xcconfig"; sourceTree = "<group>"; };
		D97095EB39CB4F12E7A8E8F7 /* Pods-All-VBoard.release.xcconfig */ = {isa = PBXFileReference; includeInIndex = 1; lastKnownFileType = text.xcconfig; name = "Pods-All-VBoard.release.xcconfig"; path = "Target Support Files/Pods-All-VBoard/Pods-All-VBoard.release.xcconfig"; sourceTree = "<group>"; };
		EB7BE602D6F060EF38FA1C25 /* Pods-All-DomainTests.debug.xcconfig */ = {isa = PBXFileReference; includeInIndex = 1; lastKnownFileType = text.xcconfig; name = "Pods-All-DomainTests.debug.xcconfig"; path = "Target Support Files/Pods-All-DomainTests/Pods-All-DomainTests.debug.xcconfig"; sourceTree = "<group>"; };
		ECF3A5073CB750C245E5E481 /* Pods-VBoard.release.xcconfig */ = {isa = PBXFileReference; includeInIndex = 1; lastKnownFileType = text.xcconfig; name = "Pods-VBoard.release.xcconfig"; path = "Target Support Files/Pods-VBoard/Pods-VBoard.release.xcconfig"; sourceTree = "<group>"; };
		EE8BD8B5C6B863235B02A78E /* Pods_All_DomainTests.framework */ = {isa = PBXFileReference; explicitFileType = wrapper.framework; includeInIndex = 0; path = Pods_All_DomainTests.framework; sourceTree = BUILT_PRODUCTS_DIR; };
		F9508A7F84F9438930BD2741 /* Pods-All-DomainTests.release.xcconfig */ = {isa = PBXFileReference; includeInIndex = 1; lastKnownFileType = text.xcconfig; name = "Pods-All-DomainTests.release.xcconfig"; path = "Target Support Files/Pods-All-DomainTests/Pods-All-DomainTests.release.xcconfig"; sourceTree = "<group>"; };
/* End PBXFileReference section */

/* Begin PBXFrameworksBuildPhase section */
		2C05413923D5F328004974B4 /* Frameworks */ = {
			isa = PBXFrameworksBuildPhase;
			buildActionMask = 2147483647;
			files = (
				D763AC4FA89125B426817E79 /* Pods_All_Domain.framework in Frameworks */,
			);
			runOnlyForDeploymentPostprocessing = 0;
		};
		2C05414123D5F328004974B4 /* Frameworks */ = {
			isa = PBXFrameworksBuildPhase;
			buildActionMask = 2147483647;
			files = (
				2C05414523D5F328004974B4 /* Domain.framework in Frameworks */,
				14AA98A3947C661188CEAA16 /* Pods_All_DomainTests.framework in Frameworks */,
			);
			runOnlyForDeploymentPostprocessing = 0;
		};
		2C60AF5C23CCD66C00A909EA /* Frameworks */ = {
			isa = PBXFrameworksBuildPhase;
			buildActionMask = 2147483647;
			files = (
				2C05416723D5FD04004974B4 /* Domain.framework in Frameworks */,
				127D98414655A99C0E6B0641 /* Pods_All_Infrastructure.framework in Frameworks */,
			);
			runOnlyForDeploymentPostprocessing = 0;
		};
		2C60AF6423CCD66C00A909EA /* Frameworks */ = {
			isa = PBXFrameworksBuildPhase;
			buildActionMask = 2147483647;
			files = (
				2C60AF6823CCD66C00A909EA /* Infrastructure.framework in Frameworks */,
				80AAA4EA886C0F7471871F4B /* Pods_All_InfrastructureTests.framework in Frameworks */,
			);
			runOnlyForDeploymentPostprocessing = 0;
		};
		2CD9D58623CCADBE0061594E /* Frameworks */ = {
			isa = PBXFrameworksBuildPhase;
			buildActionMask = 2147483647;
			files = (
				2C05415123D5F328004974B4 /* Domain.framework in Frameworks */,
				2C60AF7423CCD66C00A909EA /* Infrastructure.framework in Frameworks */,
				CED3B248E2DB98F4E4BD3A7A /* Pods_All_VBoard.framework in Frameworks */,
			);
			runOnlyForDeploymentPostprocessing = 0;
		};
		2CD9D59C23CCADC10061594E /* Frameworks */ = {
			isa = PBXFrameworksBuildPhase;
			buildActionMask = 2147483647;
			files = (
				8F41E76F8E6A760FA3F70AFF /* Pods_All_VBoardTests.framework in Frameworks */,
			);
			runOnlyForDeploymentPostprocessing = 0;
		};
/* End PBXFrameworksBuildPhase section */

/* Begin PBXGroup section */
		2C05413D23D5F328004974B4 /* Domain */ = {
			isa = PBXGroup;
			children = (
				2C05415E23D5F66D004974B4 /* ValueObject */,
				2C05415923D5F52F004974B4 /* Service */,
				2C05413E23D5F328004974B4 /* Domain.h */,
				2C05413F23D5F328004974B4 /* Info.plist */,
			);
			path = Domain;
			sourceTree = "<group>";
		};
		2C05414A23D5F328004974B4 /* DomainTests */ = {
			isa = PBXGroup;
			children = (
				2C05417123D61EBF004974B4 /* ValueObject */,
				2C05414B23D5F328004974B4 /* DomainTests.swift */,
				2C05414D23D5F328004974B4 /* Info.plist */,
			);
			path = DomainTests;
			sourceTree = "<group>";
		};
		2C05415923D5F52F004974B4 /* Service */ = {
			isa = PBXGroup;
			children = (
				2C05415A23D5F598004974B4 /* SearchServiceProtocol.swift */,
			);
			path = Service;
			sourceTree = "<group>";
		};
		2C05415E23D5F66D004974B4 /* ValueObject */ = {
			isa = PBXGroup;
			children = (
				2C05415F23D5FAD1004974B4 /* Search */,
				2C05416223D5FB2D004974B4 /* ListingVideo.swift */,
				2C05416F23D60C30004974B4 /* PageInfo.swift */,
			);
			path = ValueObject;
			sourceTree = "<group>";
		};
		2C05415F23D5FAD1004974B4 /* Search */ = {
			isa = PBXGroup;
			children = (
				2C05416023D5FADA004974B4 /* SearchQuery.swift */,
			);
			path = Search;
			sourceTree = "<group>";
		};
		2C05416423D5FB89004974B4 /* Service */ = {
			isa = PBXGroup;
			children = (
				2C05416523D5FB9C004974B4 /* SearchService.swift */,
			);
			path = Service;
			sourceTree = "<group>";
		};
		2C05416C23D5FF58004974B4 /* Extensions */ = {
			isa = PBXGroup;
			children = (
				2C05416D23D5FF68004974B4 /* APIKit+Rx.swift */,
			);
			path = Extensions;
			sourceTree = "<group>";
		};
		2C05417123D61EBF004974B4 /* ValueObject */ = {
			isa = PBXGroup;
			children = (
				2C05417223D61EC6004974B4 /* Search */,
			);
			path = ValueObject;
			sourceTree = "<group>";
		};
		2C05417223D61EC6004974B4 /* Search */ = {
			isa = PBXGroup;
			children = (
				2C05417323D61ED5004974B4 /* SearchQuerySpec.swift */,
			);
			path = Search;
			sourceTree = "<group>";
		};
		2C05417923D69DB7004974B4 /* View */ = {
			isa = PBXGroup;
			children = (
				2C05417C23D69FEF004974B4 /* Search */,
				2C05419323D7692F004974B4 /* ThumbnailDownloader.swift */,
			);
			path = View;
			sourceTree = "<group>";
		};
		2C05417C23D69FEF004974B4 /* Search */ = {
			isa = PBXGroup;
			children = (
				2C05417D23D6A001004974B4 /* SearchHistoriesListView.swift */,
				2C05417F23D73B4E004974B4 /* SearchHistoryCell.xib */,
				2C05418123D73BD0004974B4 /* SearchHistoryCell.swift */,
				2C05418D23D75BB6004974B4 /* SearchResultsListView.swift */,
				2C05419123D76048004974B4 /* SearchResultCell.xib */,
				2C05418F23D7602D004974B4 /* SearchResultCell.swift */,
			);
			path = Search;
			sourceTree = "<group>";
		};
		2C05418323D74F57004974B4 /* ViewModel */ = {
			isa = PBXGroup;
			children = (
				2C05418423D74F65004974B4 /* Search */,
			);
			path = ViewModel;
			sourceTree = "<group>";
		};
		2C05418423D74F65004974B4 /* Search */ = {
			isa = PBXGroup;
			children = (
				2C05418523D74F7D004974B4 /* SearchViewModel.swift */,
				2C05418923D75515004974B4 /* SearchResultViewModel.swift */,
			);
			path = Search;
			sourceTree = "<group>";
		};
		2C60AF4423CCB46C00A909EA /* Controller */ = {
			isa = PBXGroup;
			children = (
				2C60AF5123CCC36900A909EA /* Search */,
				2C60AF4523CCB47700A909EA /* Root */,
			);
			path = Controller;
			sourceTree = "<group>";
		};
		2C60AF4523CCB47700A909EA /* Root */ = {
			isa = PBXGroup;
			children = (
				2C60AF4623CCB77400A909EA /* AppRootViewControllerSpec.swift */,
				2C60AF4923CCBFA900A909EA /* AppRootTabBarControllerSpec.swift */,
			);
			path = Root;
			sourceTree = "<group>";
		};
		2C60AF4B23CCBFBF00A909EA /* Helper */ = {
			isa = PBXGroup;
			children = (
				2C60AF4C23CCBFC900A909EA /* FactoryMock.swift */,
			);
			path = Helper;
			sourceTree = "<group>";
		};
		2C60AF4E23CCC2B200A909EA /* Search */ = {
			isa = PBXGroup;
			children = (
				2C60AF4F23CCC2D900A909EA /* SearchViewController.swift */,
				2C05417A23D69DEC004974B4 /* SearchViewController.xib */,
				2C05418723D754BB004974B4 /* SearchResultViewController.swift */,
				2C05418B23D75ADC004974B4 /* SearchResultViewController.xib */,
			);
			path = Search;
			sourceTree = "<group>";
		};
		2C60AF5123CCC36900A909EA /* Search */ = {
			isa = PBXGroup;
			children = (
				2C60AF5223CCC37400A909EA /* SearchViewControllerSpec.swift */,
			);
			path = Search;
			sourceTree = "<group>";
		};
		2C60AF6023CCD66C00A909EA /* Infrastructure */ = {
			isa = PBXGroup;
			children = (
				2C05416423D5FB89004974B4 /* Service */,
				2C60AF7D23CCD8EF00A909EA /* API */,
				2C60AF6123CCD66C00A909EA /* Infrastructure.h */,
				2C60AF6223CCD66C00A909EA /* Info.plist */,
			);
			path = Infrastructure;
			sourceTree = "<group>";
		};
		2C60AF6D23CCD66C00A909EA /* InfrastructureTests */ = {
			isa = PBXGroup;
			children = (
				2C60AF6E23CCD66C00A909EA /* InfrastructureTests.swift */,
				2C60AF7023CCD66C00A909EA /* Info.plist */,
			);
			path = InfrastructureTests;
			sourceTree = "<group>";
		};
		2C60AF7D23CCD8EF00A909EA /* API */ = {
			isa = PBXGroup;
			children = (
				2C60AF8A23CF702500A909EA /* Helper */,
				2C60AF7E23CCD8FD00A909EA /* YouTube */,
				2C05416C23D5FF58004974B4 /* Extensions */,
			);
			path = API;
			sourceTree = "<group>";
		};
		2C60AF7E23CCD8FD00A909EA /* YouTube */ = {
			isa = PBXGroup;
			children = (
				2C60AF8223CCD94F00A909EA /* YouTube.swift */,
				2C60AF7F23CCD90E00A909EA /* Request */,
				2C60AF8623CF66BD00A909EA /* Response */,
				2C60AF9823CF825100A909EA /* Model */,
			);
			path = YouTube;
			sourceTree = "<group>";
		};
		2C60AF7F23CCD90E00A909EA /* Request */ = {
			isa = PBXGroup;
			children = (
				2C60AF8423CF666B00A909EA /* YouTubeV3BaseRequest.swift */,
				2C60AF8023CCD91800A909EA /* SearchRequest.swift */,
				2C05417523D62A06004974B4 /* SearchRequest+Init.swift */,
			);
			path = Request;
			sourceTree = "<group>";
		};
		2C60AF8623CF66BD00A909EA /* Response */ = {
			isa = PBXGroup;
			children = (
				2C60AF8D23CF71E900A909EA /* SearchApiResponse.swift */,
				2C60AF9623CF823400A909EA /* SearchedItem.swift */,
				2C05417723D62B1B004974B4 /* SearchedItem+ConvertToDomainModel.swift */,
			);
			path = Response;
			sourceTree = "<group>";
		};
		2C60AF8A23CF702500A909EA /* Helper */ = {
			isa = PBXGroup;
			children = (
				2C60AF8B23CF703000A909EA /* APIHelper.swift */,
				2C60AF9423CF7AA800A909EA /* NOPDataPaerser.swift */,
			);
			path = Helper;
			sourceTree = "<group>";
		};
		2C60AF9823CF825100A909EA /* Model */ = {
			isa = PBXGroup;
			children = (
				2C60AF9923CF826600A909EA /* Country.swift */,
			);
			path = Model;
			sourceTree = "<group>";
		};
		2CD9D58023CCADBE0061594E = {
			isa = PBXGroup;
			children = (
				2CD9D58B23CCADBE0061594E /* VBoard */,
				2CD9D5A223CCADC10061594E /* VBoardTests */,
				2C05413D23D5F328004974B4 /* Domain */,
				2C05414A23D5F328004974B4 /* DomainTests */,
				2C60AF6023CCD66C00A909EA /* Infrastructure */,
				2C60AF6D23CCD66C00A909EA /* InfrastructureTests */,
				2CD9D58A23CCADBE0061594E /* Products */,
				BC61D761B7A380A45208BD0D /* Pods */,
				30AFA75215875513FBE47D2C /* Frameworks */,
			);
			sourceTree = "<group>";
		};
		2CD9D58A23CCADBE0061594E /* Products */ = {
			isa = PBXGroup;
			children = (
				2CD9D58923CCADBE0061594E /* VBoard.app */,
				2CD9D59F23CCADC10061594E /* VBoardTests.xctest */,
				2C60AF5F23CCD66C00A909EA /* Infrastructure.framework */,
				2C60AF6723CCD66C00A909EA /* InfrastructureTests.xctest */,
				2C05413C23D5F328004974B4 /* Domain.framework */,
				2C05414423D5F328004974B4 /* DomainTests.xctest */,
			);
			name = Products;
			sourceTree = "<group>";
		};
		2CD9D58B23CCADBE0061594E /* VBoard */ = {
			isa = PBXGroup;
			children = (
				2CD9D59A23CCADC10061594E /* Info.plist */,
				2CD9D5AF23CCAE0E0061594E /* src */,
				2CD9D5AE23CCADF60061594E /* resources */,
			);
			path = VBoard;
			sourceTree = "<group>";
		};
		2CD9D5A223CCADC10061594E /* VBoardTests */ = {
			isa = PBXGroup;
			children = (
				2C60AF4B23CCBFBF00A909EA /* Helper */,
				2C60AF4423CCB46C00A909EA /* Controller */,
				2CD9D5A523CCADC10061594E /* Info.plist */,
			);
			path = VBoardTests;
			sourceTree = "<group>";
		};
		2CD9D5AE23CCADF60061594E /* resources */ = {
			isa = PBXGroup;
			children = (
				2CD9D59523CCADC10061594E /* Assets.xcassets */,
				2CD9D59723CCADC10061594E /* LaunchScreen.storyboard */,
				2C60AF5823CCC70D00A909EA /* Localizable.strings */,
			);
			path = resources;
			sourceTree = "<group>";
		};
		2CD9D5AF23CCAE0E0061594E /* src */ = {
			isa = PBXGroup;
			children = (
				2CD9D5B223CCAFDC0061594E /* Context */,
				2C05417923D69DB7004974B4 /* View */,
				2CD9D5B523CCB02D0061594E /* Controller */,
				2C05418323D74F57004974B4 /* ViewModel */,
				2CD9D58C23CCADBE0061594E /* AppDelegate.swift */,
			);
			path = src;
			sourceTree = "<group>";
		};
		2CD9D5B223CCAFDC0061594E /* Context */ = {
			isa = PBXGroup;
			children = (
				2CD9D5B323CCAFF30061594E /* Factory.swift */,
				2C60AF4223CCB38200A909EA /* DependencyContainer.swift */,
			);
			path = Context;
			sourceTree = "<group>";
		};
		2CD9D5B523CCB02D0061594E /* Controller */ = {
			isa = PBXGroup;
			children = (
				2C60AF4E23CCC2B200A909EA /* Search */,
				2CD9D5B623CCB0450061594E /* Root */,
			);
			path = Controller;
			sourceTree = "<group>";
		};
		2CD9D5B623CCB0450061594E /* Root */ = {
			isa = PBXGroup;
			children = (
				2CD9D59023CCADBE0061594E /* AppRootViewController.swift */,
				2C60AF4023CCB1CD00A909EA /* AppRootTabBarController.swift */,
			);
			path = Root;
			sourceTree = "<group>";
		};
		30AFA75215875513FBE47D2C /* Frameworks */ = {
			isa = PBXGroup;
			children = (
				3D754144B9D73E1040F66FE1 /* Pods_All_Infrastructure.framework */,
				93B3816699496C8A09717BEA /* Pods_All_InfrastructureTests.framework */,
				AC5CC14E00D38E3FBEF8CFAD /* Pods_All_VBoard.framework */,
				7579BB2DD96060B731F42AB6 /* Pods_All_VBoardTests.framework */,
				470E13C0B159306DFFB56E7D /* Pods_All_Domain.framework */,
				EE8BD8B5C6B863235B02A78E /* Pods_All_DomainTests.framework */,
			);
			name = Frameworks;
			sourceTree = "<group>";
		};
		BC61D761B7A380A45208BD0D /* Pods */ = {
			isa = PBXGroup;
			children = (
				9508925C32BD530A2566EFE3 /* Pods-VBoard.debug.xcconfig */,
				ECF3A5073CB750C245E5E481 /* Pods-VBoard.release.xcconfig */,
				1D3270E36E36CACFA698C7AA /* Pods-VBoardTests.debug.xcconfig */,
				648EFCEA0F07CE46075CD70C /* Pods-VBoardTests.release.xcconfig */,
				4B1C900623A4CDA9259D79CE /* Pods-All-Infrastructure.debug.xcconfig */,
				5DEB219A8974D46AA74BEAAA /* Pods-All-Infrastructure.release.xcconfig */,
				234596D0D88BE4465662572E /* Pods-All-InfrastructureTests.debug.xcconfig */,
				A36467716FB48341F1CBE494 /* Pods-All-InfrastructureTests.release.xcconfig */,
				80387F9376A0F143F7C0987B /* Pods-All-VBoard.debug.xcconfig */,
				D97095EB39CB4F12E7A8E8F7 /* Pods-All-VBoard.release.xcconfig */,
				CA356F3AC53A10AD6183E95C /* Pods-All-VBoardTests.debug.xcconfig */,
				5E6DD7DE7A7865CD1E84D819 /* Pods-All-VBoardTests.release.xcconfig */,
				101B894E8FD3234CD754FDAF /* Pods-All-Domain.debug.xcconfig */,
				910471DD3121131CC3D4BB13 /* Pods-All-Domain.release.xcconfig */,
				EB7BE602D6F060EF38FA1C25 /* Pods-All-DomainTests.debug.xcconfig */,
				F9508A7F84F9438930BD2741 /* Pods-All-DomainTests.release.xcconfig */,
			);
			path = Pods;
			sourceTree = "<group>";
		};
/* End PBXGroup section */

/* Begin PBXHeadersBuildPhase section */
		2C05413723D5F328004974B4 /* Headers */ = {
			isa = PBXHeadersBuildPhase;
			buildActionMask = 2147483647;
			files = (
				2C05414E23D5F328004974B4 /* Domain.h in Headers */,
			);
			runOnlyForDeploymentPostprocessing = 0;
		};
		2C60AF5A23CCD66C00A909EA /* Headers */ = {
			isa = PBXHeadersBuildPhase;
			buildActionMask = 2147483647;
			files = (
				2C60AF7123CCD66C00A909EA /* Infrastructure.h in Headers */,
			);
			runOnlyForDeploymentPostprocessing = 0;
		};
/* End PBXHeadersBuildPhase section */

/* Begin PBXNativeTarget section */
		2C05413B23D5F328004974B4 /* Domain */ = {
			isa = PBXNativeTarget;
			buildConfigurationList = 2C05415723D5F328004974B4 /* Build configuration list for PBXNativeTarget "Domain" */;
			buildPhases = (
				5512555BBDD593B3A3A53BC6 /* [CP] Check Pods Manifest.lock */,
				2C05413723D5F328004974B4 /* Headers */,
				2C05413823D5F328004974B4 /* Sources */,
				2C05413923D5F328004974B4 /* Frameworks */,
				2C05413A23D5F328004974B4 /* Resources */,
			);
			buildRules = (
			);
			dependencies = (
			);
			name = Domain;
			productName = Domain;
			productReference = 2C05413C23D5F328004974B4 /* Domain.framework */;
			productType = "com.apple.product-type.framework";
		};
		2C05414323D5F328004974B4 /* DomainTests */ = {
			isa = PBXNativeTarget;
			buildConfigurationList = 2C05415823D5F328004974B4 /* Build configuration list for PBXNativeTarget "DomainTests" */;
			buildPhases = (
				A3463A0006FE3BC365CA4AE8 /* [CP] Check Pods Manifest.lock */,
				2C05414023D5F328004974B4 /* Sources */,
				2C05414123D5F328004974B4 /* Frameworks */,
				2C05414223D5F328004974B4 /* Resources */,
				8FC9CF9991117D012921E533 /* [CP] Embed Pods Frameworks */,
			);
			buildRules = (
			);
			dependencies = (
				2C05414723D5F328004974B4 /* PBXTargetDependency */,
				2C05414923D5F328004974B4 /* PBXTargetDependency */,
			);
			name = DomainTests;
			productName = DomainTests;
			productReference = 2C05414423D5F328004974B4 /* DomainTests.xctest */;
			productType = "com.apple.product-type.bundle.unit-test";
		};
		2C60AF5E23CCD66C00A909EA /* Infrastructure */ = {
			isa = PBXNativeTarget;
			buildConfigurationList = 2C60AF7623CCD66C00A909EA /* Build configuration list for PBXNativeTarget "Infrastructure" */;
			buildPhases = (
				98169B61403D1379B5C2C649 /* [CP] Check Pods Manifest.lock */,
				2C60AF5A23CCD66C00A909EA /* Headers */,
				2C60AF5B23CCD66C00A909EA /* Sources */,
				2C60AF5C23CCD66C00A909EA /* Frameworks */,
				2C60AF5D23CCD66C00A909EA /* Resources */,
				2C05416B23D5FD04004974B4 /* Embed Frameworks */,
			);
			buildRules = (
			);
			dependencies = (
				2C05416A23D5FD04004974B4 /* PBXTargetDependency */,
			);
			name = Infrastructure;
			productName = Infrastructure;
			productReference = 2C60AF5F23CCD66C00A909EA /* Infrastructure.framework */;
			productType = "com.apple.product-type.framework";
		};
		2C60AF6623CCD66C00A909EA /* InfrastructureTests */ = {
			isa = PBXNativeTarget;
			buildConfigurationList = 2C60AF7A23CCD66C00A909EA /* Build configuration list for PBXNativeTarget "InfrastructureTests" */;
			buildPhases = (
				7C9D5AFC98AC3660CFFDD419 /* [CP] Check Pods Manifest.lock */,
				2C60AF6323CCD66C00A909EA /* Sources */,
				2C60AF6423CCD66C00A909EA /* Frameworks */,
				2C60AF6523CCD66C00A909EA /* Resources */,
				73C82A105908C4E7BBBDAF53 /* [CP] Embed Pods Frameworks */,
			);
			buildRules = (
			);
			dependencies = (
				2C60AF6A23CCD66C00A909EA /* PBXTargetDependency */,
				2C60AF6C23CCD66C00A909EA /* PBXTargetDependency */,
			);
			name = InfrastructureTests;
			productName = InfrastructureTests;
			productReference = 2C60AF6723CCD66C00A909EA /* InfrastructureTests.xctest */;
			productType = "com.apple.product-type.bundle.unit-test";
		};
		2CD9D58823CCADBE0061594E /* VBoard */ = {
			isa = PBXNativeTarget;
			buildConfigurationList = 2CD9D5A823CCADC20061594E /* Build configuration list for PBXNativeTarget "VBoard" */;
			buildPhases = (
				2FD260A034C78B0586C642EF /* [CP] Check Pods Manifest.lock */,
				2CD9D58523CCADBE0061594E /* Sources */,
				2CD9D58623CCADBE0061594E /* Frameworks */,
				2CD9D58723CCADBE0061594E /* Resources */,
				2C60AF7923CCD66C00A909EA /* Embed Frameworks */,
				3F0982EEB849725564074277 /* [CP] Embed Pods Frameworks */,
			);
			buildRules = (
			);
			dependencies = (
				2C60AF7323CCD66C00A909EA /* PBXTargetDependency */,
				2C05415023D5F328004974B4 /* PBXTargetDependency */,
			);
			name = VBoard;
			productName = VBoard;
			productReference = 2CD9D58923CCADBE0061594E /* VBoard.app */;
			productType = "com.apple.product-type.application";
		};
		2CD9D59E23CCADC10061594E /* VBoardTests */ = {
			isa = PBXNativeTarget;
			buildConfigurationList = 2CD9D5AB23CCADC20061594E /* Build configuration list for PBXNativeTarget "VBoardTests" */;
			buildPhases = (
				DEF8C808640AC28F577A2FBE /* [CP] Check Pods Manifest.lock */,
				2CD9D59B23CCADC10061594E /* Sources */,
				2CD9D59C23CCADC10061594E /* Frameworks */,
				2CD9D59D23CCADC10061594E /* Resources */,
				F4D1D123E953CDA0002AB16B /* [CP] Embed Pods Frameworks */,
			);
			buildRules = (
			);
			dependencies = (
				2CD9D5A123CCADC10061594E /* PBXTargetDependency */,
			);
			name = VBoardTests;
			productName = VBoardTests;
			productReference = 2CD9D59F23CCADC10061594E /* VBoardTests.xctest */;
			productType = "com.apple.product-type.bundle.unit-test";
		};
/* End PBXNativeTarget section */

/* Begin PBXProject section */
		2CD9D58123CCADBE0061594E /* Project object */ = {
			isa = PBXProject;
			attributes = {
				LastSwiftUpdateCheck = 1120;
				LastUpgradeCheck = 1120;
				ORGANIZATIONNAME = "Tasuku Tozawa";
				TargetAttributes = {
					2C05413B23D5F328004974B4 = {
						CreatedOnToolsVersion = 11.2;
						LastSwiftMigration = 1120;
					};
					2C05414323D5F328004974B4 = {
						CreatedOnToolsVersion = 11.2;
						TestTargetID = 2CD9D58823CCADBE0061594E;
					};
					2C60AF5E23CCD66C00A909EA = {
						CreatedOnToolsVersion = 11.2;
						LastSwiftMigration = 1120;
					};
					2C60AF6623CCD66C00A909EA = {
						CreatedOnToolsVersion = 11.2;
						TestTargetID = 2CD9D58823CCADBE0061594E;
					};
					2CD9D58823CCADBE0061594E = {
						CreatedOnToolsVersion = 11.2;
					};
					2CD9D59E23CCADC10061594E = {
						CreatedOnToolsVersion = 11.2;
						TestTargetID = 2CD9D58823CCADBE0061594E;
					};
				};
			};
			buildConfigurationList = 2CD9D58423CCADBE0061594E /* Build configuration list for PBXProject "VBoard" */;
			compatibilityVersion = "Xcode 9.3";
			developmentRegion = en;
			hasScannedForEncodings = 0;
			knownRegions = (
				en,
				Base,
				ja,
			);
			mainGroup = 2CD9D58023CCADBE0061594E;
			productRefGroup = 2CD9D58A23CCADBE0061594E /* Products */;
			projectDirPath = "";
			projectRoot = "";
			targets = (
				2CD9D58823CCADBE0061594E /* VBoard */,
				2CD9D59E23CCADC10061594E /* VBoardTests */,
				2C60AF5E23CCD66C00A909EA /* Infrastructure */,
				2C60AF6623CCD66C00A909EA /* InfrastructureTests */,
				2C05413B23D5F328004974B4 /* Domain */,
				2C05414323D5F328004974B4 /* DomainTests */,
			);
		};
/* End PBXProject section */

/* Begin PBXResourcesBuildPhase section */
		2C05413A23D5F328004974B4 /* Resources */ = {
			isa = PBXResourcesBuildPhase;
			buildActionMask = 2147483647;
			files = (
			);
			runOnlyForDeploymentPostprocessing = 0;
		};
		2C05414223D5F328004974B4 /* Resources */ = {
			isa = PBXResourcesBuildPhase;
			buildActionMask = 2147483647;
			files = (
			);
			runOnlyForDeploymentPostprocessing = 0;
		};
		2C60AF5D23CCD66C00A909EA /* Resources */ = {
			isa = PBXResourcesBuildPhase;
			buildActionMask = 2147483647;
			files = (
			);
			runOnlyForDeploymentPostprocessing = 0;
		};
		2C60AF6523CCD66C00A909EA /* Resources */ = {
			isa = PBXResourcesBuildPhase;
			buildActionMask = 2147483647;
			files = (
			);
			runOnlyForDeploymentPostprocessing = 0;
		};
		2CD9D58723CCADBE0061594E /* Resources */ = {
			isa = PBXResourcesBuildPhase;
			buildActionMask = 2147483647;
			files = (
				2CD9D59923CCADC10061594E /* LaunchScreen.storyboard in Resources */,
				2C60AF5623CCC70D00A909EA /* Localizable.strings in Resources */,
				2C05417B23D69DEC004974B4 /* SearchViewController.xib in Resources */,
				2C05418C23D75ADC004974B4 /* SearchResultViewController.xib in Resources */,
				2CD9D59623CCADC10061594E /* Assets.xcassets in Resources */,
				2C05418023D73B4E004974B4 /* SearchHistoryCell.xib in Resources */,
				2C05419223D76048004974B4 /* SearchResultCell.xib in Resources */,
			);
			runOnlyForDeploymentPostprocessing = 0;
		};
		2CD9D59D23CCADC10061594E /* Resources */ = {
			isa = PBXResourcesBuildPhase;
			buildActionMask = 2147483647;
			files = (
			);
			runOnlyForDeploymentPostprocessing = 0;
		};
/* End PBXResourcesBuildPhase section */

/* Begin PBXShellScriptBuildPhase section */
		2FD260A034C78B0586C642EF /* [CP] Check Pods Manifest.lock */ = {
			isa = PBXShellScriptBuildPhase;
			buildActionMask = 2147483647;
			files = (
			);
			inputFileListPaths = (
			);
			inputPaths = (
				"${PODS_PODFILE_DIR_PATH}/Podfile.lock",
				"${PODS_ROOT}/Manifest.lock",
			);
			name = "[CP] Check Pods Manifest.lock";
			outputFileListPaths = (
			);
			outputPaths = (
				"$(DERIVED_FILE_DIR)/Pods-All-VBoard-checkManifestLockResult.txt",
			);
			runOnlyForDeploymentPostprocessing = 0;
			shellPath = /bin/sh;
			shellScript = "diff \"${PODS_PODFILE_DIR_PATH}/Podfile.lock\" \"${PODS_ROOT}/Manifest.lock\" > /dev/null\nif [ $? != 0 ] ; then\n    # print error to STDERR\n    echo \"error: The sandbox is not in sync with the Podfile.lock. Run 'pod install' or update your CocoaPods installation.\" >&2\n    exit 1\nfi\n# This output is used by Xcode 'outputs' to avoid re-running this script phase.\necho \"SUCCESS\" > \"${SCRIPT_OUTPUT_FILE_0}\"\n";
			showEnvVarsInLog = 0;
		};
		3F0982EEB849725564074277 /* [CP] Embed Pods Frameworks */ = {
			isa = PBXShellScriptBuildPhase;
			buildActionMask = 2147483647;
			files = (
			);
			inputFileListPaths = (
				"${PODS_ROOT}/Target Support Files/Pods-All-VBoard/Pods-All-VBoard-frameworks-${CONFIGURATION}-input-files.xcfilelist",
			);
			name = "[CP] Embed Pods Frameworks";
			outputFileListPaths = (
				"${PODS_ROOT}/Target Support Files/Pods-All-VBoard/Pods-All-VBoard-frameworks-${CONFIGURATION}-output-files.xcfilelist",
			);
			runOnlyForDeploymentPostprocessing = 0;
			shellPath = /bin/sh;
			shellScript = "\"${PODS_ROOT}/Target Support Files/Pods-All-VBoard/Pods-All-VBoard-frameworks.sh\"\n";
			showEnvVarsInLog = 0;
		};
		5512555BBDD593B3A3A53BC6 /* [CP] Check Pods Manifest.lock */ = {
			isa = PBXShellScriptBuildPhase;
			buildActionMask = 2147483647;
			files = (
			);
			inputFileListPaths = (
			);
			inputPaths = (
				"${PODS_PODFILE_DIR_PATH}/Podfile.lock",
				"${PODS_ROOT}/Manifest.lock",
			);
			name = "[CP] Check Pods Manifest.lock";
			outputFileListPaths = (
			);
			outputPaths = (
				"$(DERIVED_FILE_DIR)/Pods-All-Domain-checkManifestLockResult.txt",
			);
			runOnlyForDeploymentPostprocessing = 0;
			shellPath = /bin/sh;
			shellScript = "diff \"${PODS_PODFILE_DIR_PATH}/Podfile.lock\" \"${PODS_ROOT}/Manifest.lock\" > /dev/null\nif [ $? != 0 ] ; then\n    # print error to STDERR\n    echo \"error: The sandbox is not in sync with the Podfile.lock. Run 'pod install' or update your CocoaPods installation.\" >&2\n    exit 1\nfi\n# This output is used by Xcode 'outputs' to avoid re-running this script phase.\necho \"SUCCESS\" > \"${SCRIPT_OUTPUT_FILE_0}\"\n";
			showEnvVarsInLog = 0;
		};
		73C82A105908C4E7BBBDAF53 /* [CP] Embed Pods Frameworks */ = {
			isa = PBXShellScriptBuildPhase;
			buildActionMask = 2147483647;
			files = (
			);
			inputFileListPaths = (
				"${PODS_ROOT}/Target Support Files/Pods-All-InfrastructureTests/Pods-All-InfrastructureTests-frameworks-${CONFIGURATION}-input-files.xcfilelist",
			);
			name = "[CP] Embed Pods Frameworks";
			outputFileListPaths = (
				"${PODS_ROOT}/Target Support Files/Pods-All-InfrastructureTests/Pods-All-InfrastructureTests-frameworks-${CONFIGURATION}-output-files.xcfilelist",
			);
			runOnlyForDeploymentPostprocessing = 0;
			shellPath = /bin/sh;
			shellScript = "\"${PODS_ROOT}/Target Support Files/Pods-All-InfrastructureTests/Pods-All-InfrastructureTests-frameworks.sh\"\n";
			showEnvVarsInLog = 0;
		};
		7C9D5AFC98AC3660CFFDD419 /* [CP] Check Pods Manifest.lock */ = {
			isa = PBXShellScriptBuildPhase;
			buildActionMask = 2147483647;
			files = (
			);
			inputFileListPaths = (
			);
			inputPaths = (
				"${PODS_PODFILE_DIR_PATH}/Podfile.lock",
				"${PODS_ROOT}/Manifest.lock",
			);
			name = "[CP] Check Pods Manifest.lock";
			outputFileListPaths = (
			);
			outputPaths = (
				"$(DERIVED_FILE_DIR)/Pods-All-InfrastructureTests-checkManifestLockResult.txt",
			);
			runOnlyForDeploymentPostprocessing = 0;
			shellPath = /bin/sh;
			shellScript = "diff \"${PODS_PODFILE_DIR_PATH}/Podfile.lock\" \"${PODS_ROOT}/Manifest.lock\" > /dev/null\nif [ $? != 0 ] ; then\n    # print error to STDERR\n    echo \"error: The sandbox is not in sync with the Podfile.lock. Run 'pod install' or update your CocoaPods installation.\" >&2\n    exit 1\nfi\n# This output is used by Xcode 'outputs' to avoid re-running this script phase.\necho \"SUCCESS\" > \"${SCRIPT_OUTPUT_FILE_0}\"\n";
			showEnvVarsInLog = 0;
		};
		8FC9CF9991117D012921E533 /* [CP] Embed Pods Frameworks */ = {
			isa = PBXShellScriptBuildPhase;
			buildActionMask = 2147483647;
			files = (
			);
			inputFileListPaths = (
				"${PODS_ROOT}/Target Support Files/Pods-All-DomainTests/Pods-All-DomainTests-frameworks-${CONFIGURATION}-input-files.xcfilelist",
			);
			name = "[CP] Embed Pods Frameworks";
			outputFileListPaths = (
				"${PODS_ROOT}/Target Support Files/Pods-All-DomainTests/Pods-All-DomainTests-frameworks-${CONFIGURATION}-output-files.xcfilelist",
			);
			runOnlyForDeploymentPostprocessing = 0;
			shellPath = /bin/sh;
			shellScript = "\"${PODS_ROOT}/Target Support Files/Pods-All-DomainTests/Pods-All-DomainTests-frameworks.sh\"\n";
			showEnvVarsInLog = 0;
		};
		98169B61403D1379B5C2C649 /* [CP] Check Pods Manifest.lock */ = {
			isa = PBXShellScriptBuildPhase;
			buildActionMask = 2147483647;
			files = (
			);
			inputFileListPaths = (
			);
			inputPaths = (
				"${PODS_PODFILE_DIR_PATH}/Podfile.lock",
				"${PODS_ROOT}/Manifest.lock",
			);
			name = "[CP] Check Pods Manifest.lock";
			outputFileListPaths = (
			);
			outputPaths = (
				"$(DERIVED_FILE_DIR)/Pods-All-Infrastructure-checkManifestLockResult.txt",
			);
			runOnlyForDeploymentPostprocessing = 0;
			shellPath = /bin/sh;
			shellScript = "diff \"${PODS_PODFILE_DIR_PATH}/Podfile.lock\" \"${PODS_ROOT}/Manifest.lock\" > /dev/null\nif [ $? != 0 ] ; then\n    # print error to STDERR\n    echo \"error: The sandbox is not in sync with the Podfile.lock. Run 'pod install' or update your CocoaPods installation.\" >&2\n    exit 1\nfi\n# This output is used by Xcode 'outputs' to avoid re-running this script phase.\necho \"SUCCESS\" > \"${SCRIPT_OUTPUT_FILE_0}\"\n";
			showEnvVarsInLog = 0;
		};
		A3463A0006FE3BC365CA4AE8 /* [CP] Check Pods Manifest.lock */ = {
			isa = PBXShellScriptBuildPhase;
			buildActionMask = 2147483647;
			files = (
			);
			inputFileListPaths = (
			);
			inputPaths = (
				"${PODS_PODFILE_DIR_PATH}/Podfile.lock",
				"${PODS_ROOT}/Manifest.lock",
			);
			name = "[CP] Check Pods Manifest.lock";
			outputFileListPaths = (
			);
			outputPaths = (
				"$(DERIVED_FILE_DIR)/Pods-All-DomainTests-checkManifestLockResult.txt",
			);
			runOnlyForDeploymentPostprocessing = 0;
			shellPath = /bin/sh;
			shellScript = "diff \"${PODS_PODFILE_DIR_PATH}/Podfile.lock\" \"${PODS_ROOT}/Manifest.lock\" > /dev/null\nif [ $? != 0 ] ; then\n    # print error to STDERR\n    echo \"error: The sandbox is not in sync with the Podfile.lock. Run 'pod install' or update your CocoaPods installation.\" >&2\n    exit 1\nfi\n# This output is used by Xcode 'outputs' to avoid re-running this script phase.\necho \"SUCCESS\" > \"${SCRIPT_OUTPUT_FILE_0}\"\n";
			showEnvVarsInLog = 0;
		};
		DEF8C808640AC28F577A2FBE /* [CP] Check Pods Manifest.lock */ = {
			isa = PBXShellScriptBuildPhase;
			buildActionMask = 2147483647;
			files = (
			);
			inputFileListPaths = (
			);
			inputPaths = (
				"${PODS_PODFILE_DIR_PATH}/Podfile.lock",
				"${PODS_ROOT}/Manifest.lock",
			);
			name = "[CP] Check Pods Manifest.lock";
			outputFileListPaths = (
			);
			outputPaths = (
				"$(DERIVED_FILE_DIR)/Pods-All-VBoardTests-checkManifestLockResult.txt",
			);
			runOnlyForDeploymentPostprocessing = 0;
			shellPath = /bin/sh;
			shellScript = "diff \"${PODS_PODFILE_DIR_PATH}/Podfile.lock\" \"${PODS_ROOT}/Manifest.lock\" > /dev/null\nif [ $? != 0 ] ; then\n    # print error to STDERR\n    echo \"error: The sandbox is not in sync with the Podfile.lock. Run 'pod install' or update your CocoaPods installation.\" >&2\n    exit 1\nfi\n# This output is used by Xcode 'outputs' to avoid re-running this script phase.\necho \"SUCCESS\" > \"${SCRIPT_OUTPUT_FILE_0}\"\n";
			showEnvVarsInLog = 0;
		};
		F4D1D123E953CDA0002AB16B /* [CP] Embed Pods Frameworks */ = {
			isa = PBXShellScriptBuildPhase;
			buildActionMask = 2147483647;
			files = (
			);
			inputFileListPaths = (
				"${PODS_ROOT}/Target Support Files/Pods-All-VBoardTests/Pods-All-VBoardTests-frameworks-${CONFIGURATION}-input-files.xcfilelist",
			);
			name = "[CP] Embed Pods Frameworks";
			outputFileListPaths = (
				"${PODS_ROOT}/Target Support Files/Pods-All-VBoardTests/Pods-All-VBoardTests-frameworks-${CONFIGURATION}-output-files.xcfilelist",
			);
			runOnlyForDeploymentPostprocessing = 0;
			shellPath = /bin/sh;
			shellScript = "\"${PODS_ROOT}/Target Support Files/Pods-All-VBoardTests/Pods-All-VBoardTests-frameworks.sh\"\n";
			showEnvVarsInLog = 0;
		};
/* End PBXShellScriptBuildPhase section */

/* Begin PBXSourcesBuildPhase section */
		2C05413823D5F328004974B4 /* Sources */ = {
			isa = PBXSourcesBuildPhase;
			buildActionMask = 2147483647;
			files = (
				2C05416123D5FADA004974B4 /* SearchQuery.swift in Sources */,
				2C05415B23D5F598004974B4 /* SearchServiceProtocol.swift in Sources */,
				2C05417023D60C30004974B4 /* PageInfo.swift in Sources */,
				2C05416323D5FB2D004974B4 /* ListingVideo.swift in Sources */,
			);
			runOnlyForDeploymentPostprocessing = 0;
		};
		2C05414023D5F328004974B4 /* Sources */ = {
			isa = PBXSourcesBuildPhase;
			buildActionMask = 2147483647;
			files = (
				2C05414C23D5F328004974B4 /* DomainTests.swift in Sources */,
				2C05417423D61ED5004974B4 /* SearchQuerySpec.swift in Sources */,
			);
			runOnlyForDeploymentPostprocessing = 0;
		};
		2C60AF5B23CCD66C00A909EA /* Sources */ = {
			isa = PBXSourcesBuildPhase;
			buildActionMask = 2147483647;
			files = (
				2C05416623D5FB9C004974B4 /* SearchService.swift in Sources */,
				2C05417823D62B1B004974B4 /* SearchedItem+ConvertToDomainModel.swift in Sources */,
				2C60AF8C23CF703000A909EA /* APIHelper.swift in Sources */,
				2C60AF8E23CF71E900A909EA /* SearchApiResponse.swift in Sources */,
				2C60AF9523CF7AA800A909EA /* NOPDataPaerser.swift in Sources */,
				2C60AF8123CCD91800A909EA /* SearchRequest.swift in Sources */,
				2C60AF9A23CF826600A909EA /* Country.swift in Sources */,
				2C60AF9723CF823400A909EA /* SearchedItem.swift in Sources */,
				2C05416E23D5FF68004974B4 /* APIKit+Rx.swift in Sources */,
				2C05417623D62A06004974B4 /* SearchRequest+Init.swift in Sources */,
				2C60AF8323CCD94F00A909EA /* YouTube.swift in Sources */,
				2C60AF8523CF666B00A909EA /* YouTubeV3BaseRequest.swift in Sources */,
			);
			runOnlyForDeploymentPostprocessing = 0;
		};
		2C60AF6323CCD66C00A909EA /* Sources */ = {
			isa = PBXSourcesBuildPhase;
			buildActionMask = 2147483647;
			files = (
				2C60AF6F23CCD66C00A909EA /* InfrastructureTests.swift in Sources */,
			);
			runOnlyForDeploymentPostprocessing = 0;
		};
		2CD9D58523CCADBE0061594E /* Sources */ = {
			isa = PBXSourcesBuildPhase;
			buildActionMask = 2147483647;
			files = (
				2CD9D5B423CCAFF30061594E /* Factory.swift in Sources */,
				2C05419423D7692F004974B4 /* ThumbnailDownloader.swift in Sources */,
				2C05418E23D75BB6004974B4 /* SearchResultsListView.swift in Sources */,
				2C05418A23D75515004974B4 /* SearchResultViewModel.swift in Sources */,
				2C60AF5023CCC2D900A909EA /* SearchViewController.swift in Sources */,
				2C05419023D7602D004974B4 /* SearchResultCell.swift in Sources */,
				2C05418823D754BB004974B4 /* SearchResultViewController.swift in Sources */,
				2CD9D59123CCADBE0061594E /* AppRootViewController.swift in Sources */,
				2CD9D58D23CCADBE0061594E /* AppDelegate.swift in Sources */,
				2C05418223D73BD0004974B4 /* SearchHistoryCell.swift in Sources */,
				2C60AF4123CCB1CD00A909EA /* AppRootTabBarController.swift in Sources */,
				2C05418623D74F7D004974B4 /* SearchViewModel.swift in Sources */,
				2C05417E23D6A001004974B4 /* SearchHistoriesListView.swift in Sources */,
				2C60AF4323CCB38200A909EA /* DependencyContainer.swift in Sources */,
			);
			runOnlyForDeploymentPostprocessing = 0;
		};
		2CD9D59B23CCADC10061594E /* Sources */ = {
			isa = PBXSourcesBuildPhase;
			buildActionMask = 2147483647;
			files = (
				2C60AF4A23CCBFA900A909EA /* AppRootTabBarControllerSpec.swift in Sources */,
				2C60AF5323CCC37400A909EA /* SearchViewControllerSpec.swift in Sources */,
				2C60AF4D23CCBFC900A909EA /* FactoryMock.swift in Sources */,
				2C60AF4723CCB77400A909EA /* AppRootViewControllerSpec.swift in Sources */,
			);
			runOnlyForDeploymentPostprocessing = 0;
		};
/* End PBXSourcesBuildPhase section */

/* Begin PBXTargetDependency section */
		2C05414723D5F328004974B4 /* PBXTargetDependency */ = {
			isa = PBXTargetDependency;
			target = 2C05413B23D5F328004974B4 /* Domain */;
			targetProxy = 2C05414623D5F328004974B4 /* PBXContainerItemProxy */;
		};
		2C05414923D5F328004974B4 /* PBXTargetDependency */ = {
			isa = PBXTargetDependency;
			target = 2CD9D58823CCADBE0061594E /* VBoard */;
			targetProxy = 2C05414823D5F328004974B4 /* PBXContainerItemProxy */;
		};
		2C05415023D5F328004974B4 /* PBXTargetDependency */ = {
			isa = PBXTargetDependency;
			target = 2C05413B23D5F328004974B4 /* Domain */;
			targetProxy = 2C05414F23D5F328004974B4 /* PBXContainerItemProxy */;
		};
		2C05416A23D5FD04004974B4 /* PBXTargetDependency */ = {
			isa = PBXTargetDependency;
			target = 2C05413B23D5F328004974B4 /* Domain */;
			targetProxy = 2C05416923D5FD04004974B4 /* PBXContainerItemProxy */;
		};
		2C60AF6A23CCD66C00A909EA /* PBXTargetDependency */ = {
			isa = PBXTargetDependency;
			target = 2C60AF5E23CCD66C00A909EA /* Infrastructure */;
			targetProxy = 2C60AF6923CCD66C00A909EA /* PBXContainerItemProxy */;
		};
		2C60AF6C23CCD66C00A909EA /* PBXTargetDependency */ = {
			isa = PBXTargetDependency;
			target = 2CD9D58823CCADBE0061594E /* VBoard */;
			targetProxy = 2C60AF6B23CCD66C00A909EA /* PBXContainerItemProxy */;
		};
		2C60AF7323CCD66C00A909EA /* PBXTargetDependency */ = {
			isa = PBXTargetDependency;
			target = 2C60AF5E23CCD66C00A909EA /* Infrastructure */;
			targetProxy = 2C60AF7223CCD66C00A909EA /* PBXContainerItemProxy */;
		};
		2CD9D5A123CCADC10061594E /* PBXTargetDependency */ = {
			isa = PBXTargetDependency;
			target = 2CD9D58823CCADBE0061594E /* VBoard */;
			targetProxy = 2CD9D5A023CCADC10061594E /* PBXContainerItemProxy */;
		};
/* End PBXTargetDependency section */

/* Begin PBXVariantGroup section */
		2C60AF5823CCC70D00A909EA /* Localizable.strings */ = {
			isa = PBXVariantGroup;
			children = (
				2C60AF5723CCC70D00A909EA /* en */,
				2C60AF5923CCC79000A909EA /* ja */,
			);
			name = Localizable.strings;
			sourceTree = "<group>";
		};
		2CD9D59723CCADC10061594E /* LaunchScreen.storyboard */ = {
			isa = PBXVariantGroup;
			children = (
				2CD9D59823CCADC10061594E /* Base */,
			);
			name = LaunchScreen.storyboard;
			sourceTree = "<group>";
		};
/* End PBXVariantGroup section */

/* Begin XCBuildConfiguration section */
		2C05415323D5F328004974B4 /* Debug */ = {
			isa = XCBuildConfiguration;
			baseConfigurationReference = 101B894E8FD3234CD754FDAF /* Pods-All-Domain.debug.xcconfig */;
			buildSettings = {
				CLANG_ENABLE_MODULES = YES;
				CODE_SIGN_STYLE = Automatic;
				CURRENT_PROJECT_VERSION = 1;
				DEFINES_MODULE = YES;
				DERIVE_MACCATALYST_PRODUCT_BUNDLE_IDENTIFIER = NO;
				DEVELOPMENT_TEAM = RY2377PP7S;
				DYLIB_COMPATIBILITY_VERSION = 1;
				DYLIB_CURRENT_VERSION = 1;
				DYLIB_INSTALL_NAME_BASE = "@rpath";
				INFOPLIST_FILE = Domain/Info.plist;
				INSTALL_PATH = "$(LOCAL_LIBRARY_DIR)/Frameworks";
				IPHONEOS_DEPLOYMENT_TARGET = 13.0;
				LD_RUNPATH_SEARCH_PATHS = (
					"$(inherited)",
					"@executable_path/Frameworks",
					"@loader_path/Frameworks",
				);
				PRODUCT_BUNDLE_IDENTIFIER = net.tasuwo.VBoard.Domain;
				PRODUCT_NAME = "$(TARGET_NAME:c99extidentifier)";
				SKIP_INSTALL = YES;
				SUPPORTS_MACCATALYST = NO;
				SWIFT_OPTIMIZATION_LEVEL = "-Onone";
				SWIFT_VERSION = 5.0;
				TARGETED_DEVICE_FAMILY = "1,2";
				VERSIONING_SYSTEM = "apple-generic";
				VERSION_INFO_PREFIX = "";
			};
			name = Debug;
		};
		2C05415423D5F328004974B4 /* Release */ = {
			isa = XCBuildConfiguration;
			baseConfigurationReference = 910471DD3121131CC3D4BB13 /* Pods-All-Domain.release.xcconfig */;
			buildSettings = {
				CLANG_ENABLE_MODULES = YES;
				CODE_SIGN_STYLE = Automatic;
				CURRENT_PROJECT_VERSION = 1;
				DEFINES_MODULE = YES;
				DERIVE_MACCATALYST_PRODUCT_BUNDLE_IDENTIFIER = NO;
				DEVELOPMENT_TEAM = RY2377PP7S;
				DYLIB_COMPATIBILITY_VERSION = 1;
				DYLIB_CURRENT_VERSION = 1;
				DYLIB_INSTALL_NAME_BASE = "@rpath";
				INFOPLIST_FILE = Domain/Info.plist;
				INSTALL_PATH = "$(LOCAL_LIBRARY_DIR)/Frameworks";
				IPHONEOS_DEPLOYMENT_TARGET = 13.0;
				LD_RUNPATH_SEARCH_PATHS = (
					"$(inherited)",
					"@executable_path/Frameworks",
					"@loader_path/Frameworks",
				);
				PRODUCT_BUNDLE_IDENTIFIER = net.tasuwo.VBoard.Domain;
				PRODUCT_NAME = "$(TARGET_NAME:c99extidentifier)";
				SKIP_INSTALL = YES;
				SUPPORTS_MACCATALYST = NO;
				SWIFT_VERSION = 5.0;
				TARGETED_DEVICE_FAMILY = "1,2";
				VERSIONING_SYSTEM = "apple-generic";
				VERSION_INFO_PREFIX = "";
			};
			name = Release;
		};
		2C05415523D5F328004974B4 /* Debug */ = {
			isa = XCBuildConfiguration;
			baseConfigurationReference = EB7BE602D6F060EF38FA1C25 /* Pods-All-DomainTests.debug.xcconfig */;
			buildSettings = {
				ALWAYS_EMBED_SWIFT_STANDARD_LIBRARIES = YES;
				CODE_SIGN_STYLE = Automatic;
				DEVELOPMENT_TEAM = RY2377PP7S;
				INFOPLIST_FILE = DomainTests/Info.plist;
				IPHONEOS_DEPLOYMENT_TARGET = 13.2;
				LD_RUNPATH_SEARCH_PATHS = (
					"$(inherited)",
					"@executable_path/Frameworks",
					"@loader_path/Frameworks",
				);
				PRODUCT_BUNDLE_IDENTIFIER = net.tasuwo.VBoard.DomainTests;
				PRODUCT_NAME = "$(TARGET_NAME)";
				SWIFT_VERSION = 5.0;
				TARGETED_DEVICE_FAMILY = "1,2";
				TEST_HOST = "$(BUILT_PRODUCTS_DIR)/VBoard.app/VBoard";
			};
			name = Debug;
		};
		2C05415623D5F328004974B4 /* Release */ = {
			isa = XCBuildConfiguration;
			baseConfigurationReference = F9508A7F84F9438930BD2741 /* Pods-All-DomainTests.release.xcconfig */;
			buildSettings = {
				ALWAYS_EMBED_SWIFT_STANDARD_LIBRARIES = YES;
				CODE_SIGN_STYLE = Automatic;
				DEVELOPMENT_TEAM = RY2377PP7S;
				INFOPLIST_FILE = DomainTests/Info.plist;
				IPHONEOS_DEPLOYMENT_TARGET = 13.2;
				LD_RUNPATH_SEARCH_PATHS = (
					"$(inherited)",
					"@executable_path/Frameworks",
					"@loader_path/Frameworks",
				);
				PRODUCT_BUNDLE_IDENTIFIER = net.tasuwo.VBoard.DomainTests;
				PRODUCT_NAME = "$(TARGET_NAME)";
				SWIFT_VERSION = 5.0;
				TARGETED_DEVICE_FAMILY = "1,2";
				TEST_HOST = "$(BUILT_PRODUCTS_DIR)/VBoard.app/VBoard";
			};
			name = Release;
		};
		2C60AF7723CCD66C00A909EA /* Debug */ = {
			isa = XCBuildConfiguration;
			baseConfigurationReference = 4B1C900623A4CDA9259D79CE /* Pods-All-Infrastructure.debug.xcconfig */;
			buildSettings = {
				CLANG_ENABLE_MODULES = YES;
				CODE_SIGN_STYLE = Automatic;
				CURRENT_PROJECT_VERSION = 1;
				DEFINES_MODULE = YES;
				DEVELOPMENT_TEAM = RY2377PP7S;
				DYLIB_COMPATIBILITY_VERSION = 1;
				DYLIB_CURRENT_VERSION = 1;
				DYLIB_INSTALL_NAME_BASE = "@rpath";
				INFOPLIST_FILE = Infrastructure/Info.plist;
				INSTALL_PATH = "$(LOCAL_LIBRARY_DIR)/Frameworks";
				IPHONEOS_DEPLOYMENT_TARGET = 13.0;
				LD_RUNPATH_SEARCH_PATHS = (
					"$(inherited)",
					"@executable_path/Frameworks",
					"@loader_path/Frameworks",
				);
				PRODUCT_BUNDLE_IDENTIFIER = net.tasuwo.VBoard.Infrastructure;
				PRODUCT_NAME = "$(TARGET_NAME:c99extidentifier)";
				SKIP_INSTALL = YES;
				SWIFT_OPTIMIZATION_LEVEL = "-Onone";
				SWIFT_VERSION = 5.0;
				TARGETED_DEVICE_FAMILY = "1,2";
				VERSIONING_SYSTEM = "apple-generic";
				VERSION_INFO_PREFIX = "";
			};
			name = Debug;
		};
		2C60AF7823CCD66C00A909EA /* Release */ = {
			isa = XCBuildConfiguration;
			baseConfigurationReference = 5DEB219A8974D46AA74BEAAA /* Pods-All-Infrastructure.release.xcconfig */;
			buildSettings = {
				CLANG_ENABLE_MODULES = YES;
				CODE_SIGN_STYLE = Automatic;
				CURRENT_PROJECT_VERSION = 1;
				DEFINES_MODULE = YES;
				DEVELOPMENT_TEAM = RY2377PP7S;
				DYLIB_COMPATIBILITY_VERSION = 1;
				DYLIB_CURRENT_VERSION = 1;
				DYLIB_INSTALL_NAME_BASE = "@rpath";
				INFOPLIST_FILE = Infrastructure/Info.plist;
				INSTALL_PATH = "$(LOCAL_LIBRARY_DIR)/Frameworks";
				IPHONEOS_DEPLOYMENT_TARGET = 13.0;
				LD_RUNPATH_SEARCH_PATHS = (
					"$(inherited)",
					"@executable_path/Frameworks",
					"@loader_path/Frameworks",
				);
				PRODUCT_BUNDLE_IDENTIFIER = net.tasuwo.VBoard.Infrastructure;
				PRODUCT_NAME = "$(TARGET_NAME:c99extidentifier)";
				SKIP_INSTALL = YES;
				SWIFT_VERSION = 5.0;
				TARGETED_DEVICE_FAMILY = "1,2";
				VERSIONING_SYSTEM = "apple-generic";
				VERSION_INFO_PREFIX = "";
			};
			name = Release;
		};
		2C60AF7B23CCD66C00A909EA /* Debug */ = {
			isa = XCBuildConfiguration;
			baseConfigurationReference = 234596D0D88BE4465662572E /* Pods-All-InfrastructureTests.debug.xcconfig */;
			buildSettings = {
				ALWAYS_EMBED_SWIFT_STANDARD_LIBRARIES = "$(inherited)";
				CODE_SIGN_STYLE = Automatic;
				INFOPLIST_FILE = InfrastructureTests/Info.plist;
				IPHONEOS_DEPLOYMENT_TARGET = 13.2;
				LD_RUNPATH_SEARCH_PATHS = (
					"$(inherited)",
					"@executable_path/Frameworks",
					"@loader_path/Frameworks",
				);
				PRODUCT_BUNDLE_IDENTIFIER = net.tasuwo.VBoard.InfrastructureTests;
				PRODUCT_NAME = "$(TARGET_NAME)";
				SWIFT_VERSION = 5.0;
				TARGETED_DEVICE_FAMILY = "1,2";
				TEST_HOST = "$(BUILT_PRODUCTS_DIR)/VBoard.app/VBoard";
			};
			name = Debug;
		};
		2C60AF7C23CCD66C00A909EA /* Release */ = {
			isa = XCBuildConfiguration;
			baseConfigurationReference = A36467716FB48341F1CBE494 /* Pods-All-InfrastructureTests.release.xcconfig */;
			buildSettings = {
				ALWAYS_EMBED_SWIFT_STANDARD_LIBRARIES = "$(inherited)";
				CODE_SIGN_STYLE = Automatic;
				INFOPLIST_FILE = InfrastructureTests/Info.plist;
				IPHONEOS_DEPLOYMENT_TARGET = 13.2;
				LD_RUNPATH_SEARCH_PATHS = (
					"$(inherited)",
					"@executable_path/Frameworks",
					"@loader_path/Frameworks",
				);
				PRODUCT_BUNDLE_IDENTIFIER = net.tasuwo.VBoard.InfrastructureTests;
				PRODUCT_NAME = "$(TARGET_NAME)";
				SWIFT_VERSION = 5.0;
				TARGETED_DEVICE_FAMILY = "1,2";
				TEST_HOST = "$(BUILT_PRODUCTS_DIR)/VBoard.app/VBoard";
			};
			name = Release;
		};
		2CD9D5A623CCADC20061594E /* Debug */ = {
			isa = XCBuildConfiguration;
			buildSettings = {
				ALWAYS_SEARCH_USER_PATHS = NO;
				CLANG_ANALYZER_LOCALIZABILITY_NONLOCALIZED = YES;
				CLANG_ANALYZER_NONNULL = YES;
				CLANG_ANALYZER_NUMBER_OBJECT_CONVERSION = YES_AGGRESSIVE;
				CLANG_CXX_LANGUAGE_STANDARD = "gnu++14";
				CLANG_CXX_LIBRARY = "libc++";
				CLANG_ENABLE_MODULES = YES;
				CLANG_ENABLE_OBJC_ARC = YES;
				CLANG_ENABLE_OBJC_WEAK = YES;
				CLANG_WARN_BLOCK_CAPTURE_AUTORELEASING = YES;
				CLANG_WARN_BOOL_CONVERSION = YES;
				CLANG_WARN_COMMA = YES;
				CLANG_WARN_CONSTANT_CONVERSION = YES;
				CLANG_WARN_DEPRECATED_OBJC_IMPLEMENTATIONS = YES;
				CLANG_WARN_DIRECT_OBJC_ISA_USAGE = YES_ERROR;
				CLANG_WARN_DOCUMENTATION_COMMENTS = YES;
				CLANG_WARN_EMPTY_BODY = YES;
				CLANG_WARN_ENUM_CONVERSION = YES;
				CLANG_WARN_INFINITE_RECURSION = YES;
				CLANG_WARN_INT_CONVERSION = YES;
				CLANG_WARN_NON_LITERAL_NULL_CONVERSION = YES;
				CLANG_WARN_OBJC_IMPLICIT_RETAIN_SELF = YES;
				CLANG_WARN_OBJC_LITERAL_CONVERSION = YES;
				CLANG_WARN_OBJC_ROOT_CLASS = YES_ERROR;
				CLANG_WARN_RANGE_LOOP_ANALYSIS = YES;
				CLANG_WARN_STRICT_PROTOTYPES = YES;
				CLANG_WARN_SUSPICIOUS_MOVE = YES;
				CLANG_WARN_UNGUARDED_AVAILABILITY = YES_AGGRESSIVE;
				CLANG_WARN_UNREACHABLE_CODE = YES;
				CLANG_WARN__DUPLICATE_METHOD_MATCH = YES;
				COPY_PHASE_STRIP = NO;
				DEBUG_INFORMATION_FORMAT = dwarf;
				ENABLE_STRICT_OBJC_MSGSEND = YES;
				ENABLE_TESTABILITY = YES;
				GCC_C_LANGUAGE_STANDARD = gnu11;
				GCC_DYNAMIC_NO_PIC = NO;
				GCC_NO_COMMON_BLOCKS = YES;
				GCC_OPTIMIZATION_LEVEL = 0;
				GCC_PREPROCESSOR_DEFINITIONS = (
					"DEBUG=1",
					"$(inherited)",
				);
				GCC_WARN_64_TO_32_BIT_CONVERSION = YES;
				GCC_WARN_ABOUT_RETURN_TYPE = YES_ERROR;
				GCC_WARN_UNDECLARED_SELECTOR = YES;
				GCC_WARN_UNINITIALIZED_AUTOS = YES_AGGRESSIVE;
				GCC_WARN_UNUSED_FUNCTION = YES;
				GCC_WARN_UNUSED_VARIABLE = YES;
				IPHONEOS_DEPLOYMENT_TARGET = 13.0;
				MTL_ENABLE_DEBUG_INFO = INCLUDE_SOURCE;
				MTL_FAST_MATH = YES;
				ONLY_ACTIVE_ARCH = YES;
				SDKROOT = iphoneos;
				SWIFT_ACTIVE_COMPILATION_CONDITIONS = DEBUG;
				SWIFT_OPTIMIZATION_LEVEL = "-Onone";
			};
			name = Debug;
		};
		2CD9D5A723CCADC20061594E /* Release */ = {
			isa = XCBuildConfiguration;
			buildSettings = {
				ALWAYS_SEARCH_USER_PATHS = NO;
				CLANG_ANALYZER_LOCALIZABILITY_NONLOCALIZED = YES;
				CLANG_ANALYZER_NONNULL = YES;
				CLANG_ANALYZER_NUMBER_OBJECT_CONVERSION = YES_AGGRESSIVE;
				CLANG_CXX_LANGUAGE_STANDARD = "gnu++14";
				CLANG_CXX_LIBRARY = "libc++";
				CLANG_ENABLE_MODULES = YES;
				CLANG_ENABLE_OBJC_ARC = YES;
				CLANG_ENABLE_OBJC_WEAK = YES;
				CLANG_WARN_BLOCK_CAPTURE_AUTORELEASING = YES;
				CLANG_WARN_BOOL_CONVERSION = YES;
				CLANG_WARN_COMMA = YES;
				CLANG_WARN_CONSTANT_CONVERSION = YES;
				CLANG_WARN_DEPRECATED_OBJC_IMPLEMENTATIONS = YES;
				CLANG_WARN_DIRECT_OBJC_ISA_USAGE = YES_ERROR;
				CLANG_WARN_DOCUMENTATION_COMMENTS = YES;
				CLANG_WARN_EMPTY_BODY = YES;
				CLANG_WARN_ENUM_CONVERSION = YES;
				CLANG_WARN_INFINITE_RECURSION = YES;
				CLANG_WARN_INT_CONVERSION = YES;
				CLANG_WARN_NON_LITERAL_NULL_CONVERSION = YES;
				CLANG_WARN_OBJC_IMPLICIT_RETAIN_SELF = YES;
				CLANG_WARN_OBJC_LITERAL_CONVERSION = YES;
				CLANG_WARN_OBJC_ROOT_CLASS = YES_ERROR;
				CLANG_WARN_RANGE_LOOP_ANALYSIS = YES;
				CLANG_WARN_STRICT_PROTOTYPES = YES;
				CLANG_WARN_SUSPICIOUS_MOVE = YES;
				CLANG_WARN_UNGUARDED_AVAILABILITY = YES_AGGRESSIVE;
				CLANG_WARN_UNREACHABLE_CODE = YES;
				CLANG_WARN__DUPLICATE_METHOD_MATCH = YES;
				COPY_PHASE_STRIP = NO;
				DEBUG_INFORMATION_FORMAT = "dwarf-with-dsym";
				ENABLE_NS_ASSERTIONS = NO;
				ENABLE_STRICT_OBJC_MSGSEND = YES;
				GCC_C_LANGUAGE_STANDARD = gnu11;
				GCC_NO_COMMON_BLOCKS = YES;
				GCC_WARN_64_TO_32_BIT_CONVERSION = YES;
				GCC_WARN_ABOUT_RETURN_TYPE = YES_ERROR;
				GCC_WARN_UNDECLARED_SELECTOR = YES;
				GCC_WARN_UNINITIALIZED_AUTOS = YES_AGGRESSIVE;
				GCC_WARN_UNUSED_FUNCTION = YES;
				GCC_WARN_UNUSED_VARIABLE = YES;
				IPHONEOS_DEPLOYMENT_TARGET = 13.0;
				MTL_ENABLE_DEBUG_INFO = NO;
				MTL_FAST_MATH = YES;
				SDKROOT = iphoneos;
				SWIFT_COMPILATION_MODE = wholemodule;
				SWIFT_OPTIMIZATION_LEVEL = "-O";
				VALIDATE_PRODUCT = YES;
			};
			name = Release;
		};
		2CD9D5A923CCADC20061594E /* Debug */ = {
			isa = XCBuildConfiguration;
			baseConfigurationReference = 80387F9376A0F143F7C0987B /* Pods-All-VBoard.debug.xcconfig */;
			buildSettings = {
				ALWAYS_EMBED_SWIFT_STANDARD_LIBRARIES = YES;
				ASSETCATALOG_COMPILER_APPICON_NAME = AppIcon;
				CODE_SIGN_STYLE = Automatic;
				DEVELOPMENT_TEAM = RY2377PP7S;
				INFOPLIST_FILE = VBoard/Info.plist;
				LD_RUNPATH_SEARCH_PATHS = (
					"$(inherited)",
					"@executable_path/Frameworks",
				);
				PRODUCT_BUNDLE_IDENTIFIER = net.tasuwo.VBoard;
				PRODUCT_NAME = "$(TARGET_NAME)";
				SWIFT_VERSION = 5.0;
				TARGETED_DEVICE_FAMILY = "1,2";
			};
			name = Debug;
		};
		2CD9D5AA23CCADC20061594E /* Release */ = {
			isa = XCBuildConfiguration;
			baseConfigurationReference = D97095EB39CB4F12E7A8E8F7 /* Pods-All-VBoard.release.xcconfig */;
			buildSettings = {
				ALWAYS_EMBED_SWIFT_STANDARD_LIBRARIES = YES;
				ASSETCATALOG_COMPILER_APPICON_NAME = AppIcon;
				CODE_SIGN_STYLE = Automatic;
				DEVELOPMENT_TEAM = RY2377PP7S;
				INFOPLIST_FILE = VBoard/Info.plist;
				LD_RUNPATH_SEARCH_PATHS = (
					"$(inherited)",
					"@executable_path/Frameworks",
				);
				PRODUCT_BUNDLE_IDENTIFIER = net.tasuwo.VBoard;
				PRODUCT_NAME = "$(TARGET_NAME)";
				SWIFT_VERSION = 5.0;
				TARGETED_DEVICE_FAMILY = "1,2";
			};
			name = Release;
		};
		2CD9D5AC23CCADC20061594E /* Debug */ = {
			isa = XCBuildConfiguration;
			baseConfigurationReference = CA356F3AC53A10AD6183E95C /* Pods-All-VBoardTests.debug.xcconfig */;
			buildSettings = {
				ALWAYS_EMBED_SWIFT_STANDARD_LIBRARIES = "$(inherited)";
				BUNDLE_LOADER = "$(TEST_HOST)";
				CODE_SIGN_STYLE = Automatic;
				DEVELOPMENT_TEAM = RY2377PP7S;
				INFOPLIST_FILE = VBoardTests/Info.plist;
				IPHONEOS_DEPLOYMENT_TARGET = 13.2;
				LD_RUNPATH_SEARCH_PATHS = (
					"$(inherited)",
					"@executable_path/Frameworks",
					"@loader_path/Frameworks",
				);
				PRODUCT_BUNDLE_IDENTIFIER = net.tasuwo.VBoardTests;
				PRODUCT_NAME = "$(TARGET_NAME)";
				SWIFT_VERSION = 5.0;
				TARGETED_DEVICE_FAMILY = "1,2";
				TEST_HOST = "$(BUILT_PRODUCTS_DIR)/VBoard.app/VBoard";
			};
			name = Debug;
		};
		2CD9D5AD23CCADC20061594E /* Release */ = {
			isa = XCBuildConfiguration;
			baseConfigurationReference = 5E6DD7DE7A7865CD1E84D819 /* Pods-All-VBoardTests.release.xcconfig */;
			buildSettings = {
				ALWAYS_EMBED_SWIFT_STANDARD_LIBRARIES = "$(inherited)";
				BUNDLE_LOADER = "$(TEST_HOST)";
				CODE_SIGN_STYLE = Automatic;
				DEVELOPMENT_TEAM = RY2377PP7S;
				INFOPLIST_FILE = VBoardTests/Info.plist;
				IPHONEOS_DEPLOYMENT_TARGET = 13.2;
				LD_RUNPATH_SEARCH_PATHS = (
					"$(inherited)",
					"@executable_path/Frameworks",
					"@loader_path/Frameworks",
				);
				PRODUCT_BUNDLE_IDENTIFIER = net.tasuwo.VBoardTests;
				PRODUCT_NAME = "$(TARGET_NAME)";
				SWIFT_VERSION = 5.0;
				TARGETED_DEVICE_FAMILY = "1,2";
				TEST_HOST = "$(BUILT_PRODUCTS_DIR)/VBoard.app/VBoard";
			};
			name = Release;
		};
/* End XCBuildConfiguration section */

/* Begin XCConfigurationList section */
		2C05415723D5F328004974B4 /* Build configuration list for PBXNativeTarget "Domain" */ = {
			isa = XCConfigurationList;
			buildConfigurations = (
				2C05415323D5F328004974B4 /* Debug */,
				2C05415423D5F328004974B4 /* Release */,
			);
			defaultConfigurationIsVisible = 0;
			defaultConfigurationName = Release;
		};
		2C05415823D5F328004974B4 /* Build configuration list for PBXNativeTarget "DomainTests" */ = {
			isa = XCConfigurationList;
			buildConfigurations = (
				2C05415523D5F328004974B4 /* Debug */,
				2C05415623D5F328004974B4 /* Release */,
			);
			defaultConfigurationIsVisible = 0;
			defaultConfigurationName = Release;
		};
		2C60AF7623CCD66C00A909EA /* Build configuration list for PBXNativeTarget "Infrastructure" */ = {
			isa = XCConfigurationList;
			buildConfigurations = (
				2C60AF7723CCD66C00A909EA /* Debug */,
				2C60AF7823CCD66C00A909EA /* Release */,
			);
			defaultConfigurationIsVisible = 0;
			defaultConfigurationName = Release;
		};
		2C60AF7A23CCD66C00A909EA /* Build configuration list for PBXNativeTarget "InfrastructureTests" */ = {
			isa = XCConfigurationList;
			buildConfigurations = (
				2C60AF7B23CCD66C00A909EA /* Debug */,
				2C60AF7C23CCD66C00A909EA /* Release */,
			);
			defaultConfigurationIsVisible = 0;
			defaultConfigurationName = Release;
		};
		2CD9D58423CCADBE0061594E /* Build configuration list for PBXProject "VBoard" */ = {
			isa = XCConfigurationList;
			buildConfigurations = (
				2CD9D5A623CCADC20061594E /* Debug */,
				2CD9D5A723CCADC20061594E /* Release */,
			);
			defaultConfigurationIsVisible = 0;
			defaultConfigurationName = Release;
		};
		2CD9D5A823CCADC20061594E /* Build configuration list for PBXNativeTarget "VBoard" */ = {
			isa = XCConfigurationList;
			buildConfigurations = (
				2CD9D5A923CCADC20061594E /* Debug */,
				2CD9D5AA23CCADC20061594E /* Release */,
			);
			defaultConfigurationIsVisible = 0;
			defaultConfigurationName = Release;
		};
		2CD9D5AB23CCADC20061594E /* Build configuration list for PBXNativeTarget "VBoardTests" */ = {
			isa = XCConfigurationList;
			buildConfigurations = (
				2CD9D5AC23CCADC20061594E /* Debug */,
				2CD9D5AD23CCADC20061594E /* Release */,
			);
			defaultConfigurationIsVisible = 0;
			defaultConfigurationName = Release;
		};
/* End XCConfigurationList section */
	};
	rootObject = 2CD9D58123CCADBE0061594E /* Project object */;
}
